{
  "version": 4,
  "terraform_version": "1.2.2",
  "serial": 146,
  "lineage": "19c7b7dc-e090-f616-c28a-bcbac86ffcc2",
  "outputs": {
    "admin_password": {
      "value": "IgnxsGwYVfz*1Iq_",
      "type": "string",
      "sensitive": true
    },
    "vm_id": {
      "value": "/subscriptions/3b9932e0-232a-4cf5-84ec-7dd422c6aca3/resourceGroups/app-p-resources/providers/Microsoft.Compute/virtualMachines/app-p-vm",
      "type": "string"
    },
    "vm_ip": {
      "value": "51.11.109.176",
      "type": "string"
    }
  },
  "resources": [
    {
      "mode": "managed",
      "type": "azurerm_network_interface",
      "name": "main",
      "provider": "provider[\"registry.terraform.io/hashicorp/azurerm\"]",
      "instances": [
        {
          "schema_version": 0,
          "attributes": {
            "applied_dns_servers": [],
            "dns_servers": [],
            "edge_zone": "",
            "enable_accelerated_networking": false,
            "enable_ip_forwarding": false,
            "id": "/subscriptions/3b9932e0-232a-4cf5-84ec-7dd422c6aca3/resourceGroups/app-p-resources/providers/Microsoft.Network/networkInterfaces/app-p-nic",
            "internal_dns_name_label": "",
            "internal_domain_name_suffix": "vy0y00cogvuehh5ih0rxza4tqd.cwx.internal.cloudapp.net",
            "ip_configuration": [
              {
                "gateway_load_balancer_frontend_ip_configuration_id": "",
                "name": "testconfiguration1",
                "primary": true,
                "private_ip_address": "10.0.2.4",
                "private_ip_address_allocation": "Dynamic",
                "private_ip_address_version": "IPv4",
                "public_ip_address_id": "/subscriptions/3b9932e0-232a-4cf5-84ec-7dd422c6aca3/resourceGroups/app-p-resources/providers/Microsoft.Network/publicIPAddresses/public_ip1",
                "subnet_id": "/subscriptions/3b9932e0-232a-4cf5-84ec-7dd422c6aca3/resourceGroups/app-p-resources/providers/Microsoft.Network/virtualNetworks/app-p-network/subnets/internal"
              }
            ],
            "location": "ukwest",
            "mac_address": "00-22-48-1B-E2-53",
            "name": "app-p-nic",
            "private_ip_address": "10.0.2.4",
            "private_ip_addresses": [
              "10.0.2.4"
            ],
            "resource_group_name": "app-p-resources",
            "tags": {},
            "timeouts": null,
            "virtual_machine_id": "/subscriptions/3b9932e0-232a-4cf5-84ec-7dd422c6aca3/resourceGroups/app-p-resources/providers/Microsoft.Compute/virtualMachines/app-p-vm"
          },
          "sensitive_attributes": [],
          "private": "eyJlMmJmYjczMC1lY2FhLTExZTYtOGY4OC0zNDM2M2JjN2M0YzAiOnsiY3JlYXRlIjoxODAwMDAwMDAwMDAwLCJkZWxldGUiOjE4MDAwMDAwMDAwMDAsInJlYWQiOjMwMDAwMDAwMDAwMCwidXBkYXRlIjoxODAwMDAwMDAwMDAwfX0=",
          "dependencies": [
            "azurerm_public_ip.myvm1publicip",
            "azurerm_resource_group.rg_p",
            "azurerm_subnet.internal",
            "azurerm_virtual_network.main"
          ]
        }
      ]
    },
    {
      "mode": "managed",
      "type": "azurerm_network_interface_security_group_association",
      "name": "association",
      "provider": "provider[\"registry.terraform.io/hashicorp/azurerm\"]",
      "instances": [
        {
          "schema_version": 0,
          "attributes": {
            "id": "/subscriptions/3b9932e0-232a-4cf5-84ec-7dd422c6aca3/resourceGroups/app-p-resources/providers/Microsoft.Network/networkInterfaces/app-p-nic|/subscriptions/3b9932e0-232a-4cf5-84ec-7dd422c6aca3/resourceGroups/app-p-resources/providers/Microsoft.Network/networkSecurityGroups/SSH-security-group",
            "network_interface_id": "/subscriptions/3b9932e0-232a-4cf5-84ec-7dd422c6aca3/resourceGroups/app-p-resources/providers/Microsoft.Network/networkInterfaces/app-p-nic",
            "network_security_group_id": "/subscriptions/3b9932e0-232a-4cf5-84ec-7dd422c6aca3/resourceGroups/app-p-resources/providers/Microsoft.Network/networkSecurityGroups/SSH-security-group",
            "timeouts": null
          },
          "sensitive_attributes": [],
          "private": "eyJlMmJmYjczMC1lY2FhLTExZTYtOGY4OC0zNDM2M2JjN2M0YzAiOnsiY3JlYXRlIjoxODAwMDAwMDAwMDAwLCJkZWxldGUiOjE4MDAwMDAwMDAwMDAsInJlYWQiOjMwMDAwMDAwMDAwMCwidXBkYXRlIjoxODAwMDAwMDAwMDAwfX0=",
          "dependencies": [
            "azurerm_network_interface.main",
            "azurerm_network_security_group.nsg",
            "azurerm_public_ip.myvm1publicip",
            "azurerm_resource_group.rg_p",
            "azurerm_subnet.internal",
            "azurerm_virtual_network.main"
          ]
        }
      ]
    },
    {
      "mode": "managed",
      "type": "azurerm_network_security_group",
      "name": "nsg",
      "provider": "provider[\"registry.terraform.io/hashicorp/azurerm\"]",
      "instances": [
        {
          "schema_version": 0,
          "attributes": {
            "id": "/subscriptions/3b9932e0-232a-4cf5-84ec-7dd422c6aca3/resourceGroups/app-p-resources/providers/Microsoft.Network/networkSecurityGroups/SSH-security-group",
            "location": "ukwest",
            "name": "SSH-security-group",
            "resource_group_name": "app-p-resources",
            "security_rule": [
              {
                "access": "Allow",
                "description": "",
                "destination_address_prefix": "*",
                "destination_address_prefixes": [],
                "destination_application_security_group_ids": [],
                "destination_port_range": "22",
                "destination_port_ranges": [],
                "direction": "Inbound",
                "name": "SSH",
                "priority": 1001,
                "protocol": "Tcp",
                "source_address_prefix": "*",
                "source_address_prefixes": [],
                "source_application_security_group_ids": [],
                "source_port_range": "*",
                "source_port_ranges": []
              }
            ],
            "tags": {
              "environment": "development"
            },
            "timeouts": null
          },
          "sensitive_attributes": [],
          "private": "eyJlMmJmYjczMC1lY2FhLTExZTYtOGY4OC0zNDM2M2JjN2M0YzAiOnsiY3JlYXRlIjoxODAwMDAwMDAwMDAwLCJkZWxldGUiOjE4MDAwMDAwMDAwMDAsInJlYWQiOjMwMDAwMDAwMDAwMCwidXBkYXRlIjoxODAwMDAwMDAwMDAwfX0=",
          "dependencies": [
            "azurerm_resource_group.rg_p"
          ]
        }
      ]
    },
    {
      "mode": "managed",
      "type": "azurerm_public_ip",
      "name": "myvm1publicip",
      "provider": "provider[\"registry.terraform.io/hashicorp/azurerm\"]",
      "instances": [
        {
          "schema_version": 0,
          "attributes": {
            "allocation_method": "Dynamic",
            "domain_name_label": null,
            "edge_zone": "",
            "fqdn": null,
            "id": "/subscriptions/3b9932e0-232a-4cf5-84ec-7dd422c6aca3/resourceGroups/app-p-resources/providers/Microsoft.Network/publicIPAddresses/public_ip1",
            "idle_timeout_in_minutes": 4,
            "ip_address": "51.11.109.176",
            "ip_tags": {},
            "ip_version": "IPv4",
            "location": "ukwest",
            "name": "public_ip1",
            "public_ip_prefix_id": null,
            "resource_group_name": "app-p-resources",
            "reverse_fqdn": null,
            "sku": "Basic",
            "sku_tier": "Regional",
            "tags": {},
            "timeouts": null,
            "zones": []
          },
          "sensitive_attributes": [],
          "private": "eyJlMmJmYjczMC1lY2FhLTExZTYtOGY4OC0zNDM2M2JjN2M0YzAiOnsiY3JlYXRlIjoxODAwMDAwMDAwMDAwLCJkZWxldGUiOjE4MDAwMDAwMDAwMDAsInJlYWQiOjMwMDAwMDAwMDAwMCwidXBkYXRlIjoxODAwMDAwMDAwMDAwfX0=",
          "dependencies": [
            "azurerm_resource_group.rg_p"
          ]
        }
      ]
    },
    {
      "mode": "managed",
      "type": "azurerm_resource_group",
      "name": "rg_p",
      "provider": "provider[\"registry.terraform.io/hashicorp/azurerm\"]",
      "instances": [
        {
          "schema_version": 0,
          "attributes": {
            "id": "/subscriptions/3b9932e0-232a-4cf5-84ec-7dd422c6aca3/resourceGroups/app-p-resources",
            "location": "ukwest",
            "name": "app-p-resources",
            "tags": {},
            "timeouts": null
          },
          "sensitive_attributes": [],
          "private": "eyJlMmJmYjczMC1lY2FhLTExZTYtOGY4OC0zNDM2M2JjN2M0YzAiOnsiY3JlYXRlIjo1NDAwMDAwMDAwMDAwLCJkZWxldGUiOjU0MDAwMDAwMDAwMDAsInJlYWQiOjMwMDAwMDAwMDAwMCwidXBkYXRlIjo1NDAwMDAwMDAwMDAwfX0="
        }
      ]
    },
    {
      "mode": "managed",
      "type": "azurerm_subnet",
      "name": "internal",
      "provider": "provider[\"registry.terraform.io/hashicorp/azurerm\"]",
      "instances": [
        {
          "schema_version": 0,
          "attributes": {
            "address_prefixes": [
              "10.0.2.0/24"
            ],
            "delegation": [],
            "enforce_private_link_endpoint_network_policies": false,
            "enforce_private_link_service_network_policies": false,
            "id": "/subscriptions/3b9932e0-232a-4cf5-84ec-7dd422c6aca3/resourceGroups/app-p-resources/providers/Microsoft.Network/virtualNetworks/app-p-network/subnets/internal",
            "name": "internal",
            "resource_group_name": "app-p-resources",
            "service_endpoint_policy_ids": [],
            "service_endpoints": [],
            "timeouts": null,
            "virtual_network_name": "app-p-network"
          },
          "sensitive_attributes": [],
          "private": "eyJlMmJmYjczMC1lY2FhLTExZTYtOGY4OC0zNDM2M2JjN2M0YzAiOnsiY3JlYXRlIjoxODAwMDAwMDAwMDAwLCJkZWxldGUiOjE4MDAwMDAwMDAwMDAsInJlYWQiOjMwMDAwMDAwMDAwMCwidXBkYXRlIjoxODAwMDAwMDAwMDAwfX0=",
          "dependencies": [
            "azurerm_resource_group.rg_p",
            "azurerm_virtual_network.main"
          ]
        }
      ]
    },
    {
      "mode": "managed",
      "type": "azurerm_virtual_machine",
      "name": "main",
      "provider": "provider[\"registry.terraform.io/hashicorp/azurerm\"]",
      "instances": [
        {
          "schema_version": 0,
          "attributes": {
            "additional_capabilities": [],
            "availability_set_id": null,
            "boot_diagnostics": [],
            "delete_data_disks_on_termination": true,
            "delete_os_disk_on_termination": true,
            "id": "/subscriptions/3b9932e0-232a-4cf5-84ec-7dd422c6aca3/resourceGroups/app-p-resources/providers/Microsoft.Compute/virtualMachines/app-p-vm",
            "identity": [],
            "license_type": null,
            "location": "ukwest",
            "name": "app-p-vm",
            "network_interface_ids": [
              "/subscriptions/3b9932e0-232a-4cf5-84ec-7dd422c6aca3/resourceGroups/app-p-resources/providers/Microsoft.Network/networkInterfaces/app-p-nic"
            ],
            "os_profile": [
              {
                "admin_password": "",
                "admin_username": "raghad_admin",
                "computer_name": "hostname",
                "custom_data": ""
              }
            ],
            "os_profile_linux_config": [
              {
                "disable_password_authentication": false,
                "ssh_keys": []
              }
            ],
            "os_profile_secrets": [],
            "os_profile_windows_config": [],
            "plan": [],
            "primary_network_interface_id": null,
            "proximity_placement_group_id": null,
            "resource_group_name": "app-p-resources",
            "storage_data_disk": [],
            "storage_image_reference": [
              {
                "id": "",
                "offer": "UbuntuServer",
                "publisher": "Canonical",
                "sku": "16.04-LTS",
                "version": "latest"
              }
            ],
            "storage_os_disk": [
              {
                "caching": "ReadWrite",
                "create_option": "FromImage",
                "disk_size_gb": 30,
                "image_uri": "",
                "managed_disk_id": "/subscriptions/3b9932e0-232a-4cf5-84ec-7dd422c6aca3/resourceGroups/app-p-resources/providers/Microsoft.Compute/disks/myosdisk1",
                "managed_disk_type": "Standard_LRS",
                "name": "myosdisk1",
                "os_type": "Linux",
                "vhd_uri": "",
                "write_accelerator_enabled": false
              }
            ],
            "tags": {
              "environment": "development",
              "owner": "Raghad"
            },
            "timeouts": null,
            "vm_size": "Standard_D2s_v3",
            "zones": []
          },
          "sensitive_attributes": [
            [
              {
                "type": "get_attr",
                "value": "os_profile"
              }
            ]
          ],
          "private": "eyJlMmJmYjczMC1lY2FhLTExZTYtOGY4OC0zNDM2M2JjN2M0YzAiOnsiY3JlYXRlIjozNjAwMDAwMDAwMDAwLCJkZWxldGUiOjM2MDAwMDAwMDAwMDAsInJlYWQiOjMwMDAwMDAwMDAwMCwidXBkYXRlIjozNjAwMDAwMDAwMDAwfX0=",
          "dependencies": [
            "azurerm_network_interface.main",
            "azurerm_public_ip.myvm1publicip",
            "azurerm_resource_group.rg_p",
            "azurerm_subnet.internal",
            "azurerm_virtual_network.main",
            "random_password.password"
          ]
        }
      ]
    },
    {
      "mode": "managed",
      "type": "azurerm_virtual_network",
      "name": "main",
      "provider": "provider[\"registry.terraform.io/hashicorp/azurerm\"]",
      "instances": [
        {
          "schema_version": 0,
          "attributes": {
            "address_space": [
              "10.0.0.0/16"
            ],
            "bgp_community": "",
            "ddos_protection_plan": [],
            "dns_servers": [],
            "edge_zone": "",
            "flow_timeout_in_minutes": 0,
            "guid": "688d35ae-354e-4368-9fe8-3ea37c83d383",
            "id": "/subscriptions/3b9932e0-232a-4cf5-84ec-7dd422c6aca3/resourceGroups/app-p-resources/providers/Microsoft.Network/virtualNetworks/app-p-network",
            "location": "ukwest",
            "name": "app-p-network",
            "resource_group_name": "app-p-resources",
            "subnet": [
              {
                "address_prefix": "10.0.2.0/24",
                "id": "/subscriptions/3b9932e0-232a-4cf5-84ec-7dd422c6aca3/resourceGroups/app-p-resources/providers/Microsoft.Network/virtualNetworks/app-p-network/subnets/internal",
                "name": "internal",
                "security_group": ""
              }
            ],
            "tags": {},
            "timeouts": null
          },
          "sensitive_attributes": [],
          "private": "eyJlMmJmYjczMC1lY2FhLTExZTYtOGY4OC0zNDM2M2JjN2M0YzAiOnsiY3JlYXRlIjoxODAwMDAwMDAwMDAwLCJkZWxldGUiOjE4MDAwMDAwMDAwMDAsInJlYWQiOjMwMDAwMDAwMDAwMCwidXBkYXRlIjoxODAwMDAwMDAwMDAwfX0=",
          "dependencies": [
            "azurerm_resource_group.rg_p"
          ]
        }
      ]
    },
    {
      "mode": "managed",
      "type": "random_password",
      "name": "password",
      "provider": "provider[\"registry.terraform.io/hashicorp/random\"]",
      "instances": [
        {
          "schema_version": 2,
          "attributes": {
            "bcrypt_hash": "$2a$10$o8VlwTs1hCjgXVPsZSOVmuPfOk5MeFGNs5HMcfrKA9/5pG/z1xnkG",
            "id": "none",
            "keepers": null,
            "length": 16,
            "lower": true,
            "min_lower": 0,
            "min_numeric": 0,
            "min_special": 0,
            "min_upper": 0,
            "number": true,
            "numeric": true,
            "override_special": "!#$%\u0026*()-_=+[]{}\u003c\u003e:?",
            "result": "IgnxsGwYVfz*1Iq_",
            "special": true,
            "upper": true
          },
          "sensitive_attributes": [],
          "private": "eyJzY2hlbWFfdmVyc2lvbiI6IjIifQ=="
        }
      ]
    }
  ]
}
