{
  "version": 4,
  "terraform_version": "1.2.2",
  "serial": 12,
  "lineage": "799aa35c-e30c-9bb1-addb-6c1d82240ebd",
  "outputs": {
    "external_ip_address_vm_1": {
      "value": "51.250.95.100",
      "type": "string"
    },
    "internal_ip_address_vm_1": {
      "value": "192.168.10.34",
      "type": "string"
    }
  },
  "resources": [
    {
      "mode": "managed",
      "type": "yandex_compute_instance",
      "name": "vm-1",
      "provider": "provider[\"registry.terraform.io/yandex-cloud/yandex\"]",
      "instances": [
        {
          "schema_version": 1,
          "attributes": {
            "allow_recreate": null,
            "allow_stopping_for_update": null,
            "boot_disk": [
              {
                "auto_delete": true,
                "device_name": "fhmqh6qu29o8mastvm12",
                "disk_id": "fhmqh6qu29o8mastvm12",
                "initialize_params": [
                  {
                    "block_size": 4096,
                    "description": "",
                    "image_id": "fd87tirk5i8vitv9uuo1",
                    "name": "",
                    "size": 5,
                    "snapshot_id": "",
                    "type": "network-hdd"
                  }
                ],
                "mode": "READ_WRITE"
              }
            ],
            "created_at": "2022-06-13T21:40:32Z",
            "description": "",
            "folder_id": "b1gupfdhipistv66j2i2",
            "fqdn": "fhmt3mistco57mcksa2e.auto.internal",
            "hostname": "fhmt3mistco57mcksa2e",
            "id": "fhmt3mistco57mcksa2e",
            "labels": null,
            "metadata": {
              "ssh-keys": "ubuntu:ssh-rsa AAAAB3NzaC1yc2EAAAADAQABAAABAQCztly72LjjI6IgYaP58OZ0gBWPavx5X+3wTriFtK1B11rBpn5CZRpPGWUqhmEm/2RUrZmk5Ogrcd5T1B1S367TjpqCTJcDyjbtcAsHA2scxAmAaTMkhGa8POtslv0foD4UBvOb36qa82Kar48R+YWSH/L/JNxUYaUWgwyGhbbAT33xm8jsBcYjiXUZSjUlCsXaVJZqbB+G6Gv2gwtajH1kgQAJ2FvREvxhvHqBldG0W4/dHX7ndEccbU9s7SFtUpUc5PPpp3yhAMg5MBScn3JhWw8D6mC80R3e7MN1PaDC3yxjZGGjZq3sTWzGfffV+2zGFZkfvi+VIuz7ArTBlpgj Елена@LAPTOP-F21RUH59\r\n"
            },
            "name": "terraform1",
            "network_acceleration_type": "standard",
            "network_interface": [
              {
                "dns_record": [],
                "index": 0,
                "ip_address": "192.168.10.34",
                "ipv4": true,
                "ipv6": false,
                "ipv6_address": "",
                "ipv6_dns_record": [],
                "mac_address": "d0:0d:1d:1d:a5:ce",
                "nat": true,
                "nat_dns_record": [],
                "nat_ip_address": "51.250.95.100",
                "nat_ip_version": "IPV4",
                "security_group_ids": [],
                "subnet_id": "e9btnhqupuhsphjpm60t"
              }
            ],
            "placement_policy": [
              {
                "host_affinity_rules": [],
                "placement_group_id": ""
              }
            ],
            "platform_id": "standard-v1",
            "resources": [
              {
                "core_fraction": 100,
                "cores": 2,
                "gpus": 0,
                "memory": 2
              }
            ],
            "scheduling_policy": [
              {
                "preemptible": false
              }
            ],
            "secondary_disk": [],
            "service_account_id": "",
            "status": "running",
            "timeouts": null,
            "zone": "ru-central1-a"
          },
          "sensitive_attributes": [],
          "private": "eyJlMmJmYjczMC1lY2FhLTExZTYtOGY4OC0zNDM2M2JjN2M0YzAiOnsiY3JlYXRlIjozMDAwMDAwMDAwMDAsImRlbGV0ZSI6MzAwMDAwMDAwMDAwLCJ1cGRhdGUiOjMwMDAwMDAwMDAwMH0sInNjaGVtYV92ZXJzaW9uIjoiMSJ9",
          "dependencies": [
            "yandex_vpc_network.network-1",
            "yandex_vpc_subnet.subnet-1"
          ]
        }
      ]
    },
    {
      "mode": "managed",
      "type": "yandex_vpc_network",
      "name": "network-1",
      "provider": "provider[\"registry.terraform.io/yandex-cloud/yandex\"]",
      "instances": [
        {
          "schema_version": 0,
          "attributes": {
            "created_at": "2022-06-13T21:40:28Z",
            "default_security_group_id": "",
            "description": "",
            "folder_id": "b1gupfdhipistv66j2i2",
            "id": "enp6hgh10lv4a4qruh05",
            "labels": {},
            "name": "network1",
            "subnet_ids": [],
            "timeouts": null
          },
          "sensitive_attributes": [],
          "private": "eyJlMmJmYjczMC1lY2FhLTExZTYtOGY4OC0zNDM2M2JjN2M0YzAiOnsiY3JlYXRlIjo2MDAwMDAwMDAwMCwiZGVsZXRlIjo2MDAwMDAwMDAwMCwidXBkYXRlIjo2MDAwMDAwMDAwMH19"
        }
      ]
    },
    {
      "mode": "managed",
      "type": "yandex_vpc_subnet",
      "name": "subnet-1",
      "provider": "provider[\"registry.terraform.io/yandex-cloud/yandex\"]",
      "instances": [
        {
          "schema_version": 0,
          "attributes": {
            "created_at": "2022-06-13T21:40:29Z",
            "description": "",
            "dhcp_options": [],
            "folder_id": "b1gupfdhipistv66j2i2",
            "id": "e9btnhqupuhsphjpm60t",
            "labels": {},
            "name": "subnet1",
            "network_id": "enp6hgh10lv4a4qruh05",
            "route_table_id": "",
            "timeouts": null,
            "v4_cidr_blocks": [
              "192.168.10.0/24"
            ],
            "v6_cidr_blocks": [],
            "zone": "ru-central1-a"
          },
          "sensitive_attributes": [],
          "private": "eyJlMmJmYjczMC1lY2FhLTExZTYtOGY4OC0zNDM2M2JjN2M0YzAiOnsiY3JlYXRlIjoxODAwMDAwMDAwMDAsImRlbGV0ZSI6MTgwMDAwMDAwMDAwLCJ1cGRhdGUiOjE4MDAwMDAwMDAwMH19",
          "dependencies": [
            "yandex_vpc_network.network-1"
          ]
        }
      ]
    }
  ]
}
