{
  "version": 4,
  "terraform_version": "1.2.2",
  "serial": 4,
  "lineage": "3dc0ad1b-f158-5eca-346b-39ee982145fe",
  "outputs": {
    "external_ip_address_vm_1": {
      "value": "51.250.4.163",
      "type": "string"
    },
    "internal_ip_address_vm_1": {
      "value": "192.168.10.23",
      "type": "string"
    }
  },
  "resources": [
    {
      "mode": "managed",
      "type": "yandex_compute_instance",
      "name": "vm-1",
      "provider": "provider[\"registry.terraform.io/yandex-cloud/yandex\"]",
      "instances": [
        {
          "schema_version": 1,
          "attributes": {
            "allow_recreate": null,
            "allow_stopping_for_update": null,
            "boot_disk": [
              {
                "auto_delete": true,
                "device_name": "fhm0ohitq9fspdv0s2h6",
                "disk_id": "fhm0ohitq9fspdv0s2h6",
                "initialize_params": [
                  {
                    "block_size": 4096,
                    "description": "",
                    "image_id": "fd87tirk5i8vitv9uuo1",
                    "name": "",
                    "size": 5,
                    "snapshot_id": "",
                    "type": "network-hdd"
                  }
                ],
                "mode": "READ_WRITE"
              }
            ],
            "created_at": "2022-06-13T18:36:37Z",
            "description": "",
            "folder_id": "b1ggdql2or9ajhmlvkph",
            "fqdn": "fhm5havaat0hkfs2l45d.auto.internal",
            "hostname": "fhm5havaat0hkfs2l45d",
            "id": "fhm5havaat0hkfs2l45d",
            "labels": null,
            "metadata": {
              "ssh-keys": "ubuntu:ssh-rsa AAAAB3NzaC1yc2EAAAADAQABAAABgQC2ytjObNK2Cy7GfV/S02B1bE1qsh/zFrpCAJ2CSufFcRy0ouZaIipA2nepg7YkrVJhIlHYhCBMt4YmPghGKbhkv+z5FbpKQbUdp/3U5PFkxqfVHtcMn7OklFrCeFjss79qCWfNjKXxuA0a2bVzsMn19Re3maZkC/JbcWIcJdkaM6B2pz3HBcW3XzscOiZ9oNiSvCPDwlfu65VitMAf3mP+t+k2tlYBMid3LJ4nBUapiG+aO/V89yfaP9SlX/SFWCZXMnCwtPeOHJbtCFP5nQkDSxXvnKi4XHULGu6K1u0us9Rsd0qy69EGGmqKnkc7FXqgbrjogoTLanHVEXgIrRuzQ5J4hFnbXgyUEsIRJ9cEBuvMCMqxKOSZ7xSE1SnqIp3A0fpUuyAH1e+iMcLbuC6blvJENAVxSSOK4xTdn/9TJTrNBbkR+/iafj0LDb4zFbPvAjXYJAcpsTgNNfy/ysk+FG3kRWXow//S4bIz18yOoDTxfCgOmiaS0YiARKE8wOs= anastasia@MacBook-Pro-Anastasia.local\n"
            },
            "name": "terraform1",
            "network_acceleration_type": "standard",
            "network_interface": [
              {
                "dns_record": [],
                "index": 0,
                "ip_address": "192.168.10.23",
                "ipv4": true,
                "ipv6": false,
                "ipv6_address": "",
                "ipv6_dns_record": [],
                "mac_address": "d0:0d:58:ab:ea:57",
                "nat": true,
                "nat_dns_record": [],
                "nat_ip_address": "51.250.4.163",
                "nat_ip_version": "IPV4",
                "security_group_ids": [],
                "subnet_id": "e9bvbqk9okbvp6ntmfo5"
              }
            ],
            "placement_policy": [
              {
                "host_affinity_rules": [],
                "placement_group_id": ""
              }
            ],
            "platform_id": "standard-v1",
            "resources": [
              {
                "core_fraction": 100,
                "cores": 2,
                "gpus": 0,
                "memory": 2
              }
            ],
            "scheduling_policy": [
              {
                "preemptible": false
              }
            ],
            "secondary_disk": [],
            "service_account_id": "",
            "status": "running",
            "timeouts": null,
            "zone": "ru-central1-a"
          },
          "sensitive_attributes": [],
          "private": "eyJlMmJmYjczMC1lY2FhLTExZTYtOGY4OC0zNDM2M2JjN2M0YzAiOnsiY3JlYXRlIjozMDAwMDAwMDAwMDAsImRlbGV0ZSI6MzAwMDAwMDAwMDAwLCJ1cGRhdGUiOjMwMDAwMDAwMDAwMH0sInNjaGVtYV92ZXJzaW9uIjoiMSJ9",
          "dependencies": [
            "yandex_vpc_network.network-1",
            "yandex_vpc_subnet.subnet-1"
          ]
        }
      ]
    },
    {
      "mode": "managed",
      "type": "yandex_vpc_network",
      "name": "network-1",
      "provider": "provider[\"registry.terraform.io/yandex-cloud/yandex\"]",
      "instances": [
        {
          "schema_version": 0,
          "attributes": {
            "created_at": "2022-06-13T18:36:34Z",
            "default_security_group_id": "",
            "description": "",
            "folder_id": "b1ggdql2or9ajhmlvkph",
            "id": "enpthd3dhu34eejc2k1s",
            "labels": {},
            "name": "network1",
            "subnet_ids": [],
            "timeouts": null
          },
          "sensitive_attributes": [],
          "private": "eyJlMmJmYjczMC1lY2FhLTExZTYtOGY4OC0zNDM2M2JjN2M0YzAiOnsiY3JlYXRlIjo2MDAwMDAwMDAwMCwiZGVsZXRlIjo2MDAwMDAwMDAwMCwidXBkYXRlIjo2MDAwMDAwMDAwMH19"
        }
      ]
    },
    {
      "mode": "managed",
      "type": "yandex_vpc_subnet",
      "name": "subnet-1",
      "provider": "provider[\"registry.terraform.io/yandex-cloud/yandex\"]",
      "instances": [
        {
          "schema_version": 0,
          "attributes": {
            "created_at": "2022-06-13T18:36:36Z",
            "description": "",
            "dhcp_options": [],
            "folder_id": "b1ggdql2or9ajhmlvkph",
            "id": "e9bvbqk9okbvp6ntmfo5",
            "labels": {},
            "name": "subnet1",
            "network_id": "enpthd3dhu34eejc2k1s",
            "route_table_id": "",
            "timeouts": null,
            "v4_cidr_blocks": [
              "192.168.10.0/24"
            ],
            "v6_cidr_blocks": [],
            "zone": "ru-central1-a"
          },
          "sensitive_attributes": [],
          "private": "eyJlMmJmYjczMC1lY2FhLTExZTYtOGY4OC0zNDM2M2JjN2M0YzAiOnsiY3JlYXRlIjoxODAwMDAwMDAwMDAsImRlbGV0ZSI6MTgwMDAwMDAwMDAwLCJ1cGRhdGUiOjE4MDAwMDAwMDAwMH19",
          "dependencies": [
            "yandex_vpc_network.network-1"
          ]
        }
      ]
    }
  ]
}
