{
  "version": 4,
  "terraform_version": "1.2.2",
  "serial": 29,
  "lineage": "d3bfaf49-51ba-00d6-7ed2-e0e02d5d6ca7",
  "outputs": {
    "external_ip_address_vm_1": {
      "value": "51.250.0.83",
      "type": "string"
    },
    "external_ip_address_vm_2": {
      "value": "51.250.6.229",
      "type": "string"
    },
    "internal_ip_address_vm_1": {
      "value": "192.168.10.10",
      "type": "string"
    },
    "internal_ip_address_vm_2": {
      "value": "192.168.10.3",
      "type": "string"
    }
  },
  "resources": [
    {
      "mode": "managed",
      "type": "yandex_compute_instance",
      "name": "vm-1",
      "provider": "provider[\"registry.terraform.io/yandex-cloud/yandex\"]",
      "instances": [
        {
          "schema_version": 1,
          "attributes": {
            "allow_recreate": null,
            "allow_stopping_for_update": null,
            "boot_disk": [
              {
                "auto_delete": true,
                "device_name": "fhmm8va6u5trut2po78c",
                "disk_id": "fhmm8va6u5trut2po78c",
                "initialize_params": [
                  {
                    "block_size": 4096,
                    "description": "",
                    "image_id": "fd8fte6bebi857ortlja",
                    "name": "",
                    "size": 7,
                    "snapshot_id": "",
                    "type": "network-hdd"
                  }
                ],
                "mode": "READ_WRITE"
              }
            ],
            "created_at": "2022-06-13T19:26:25Z",
            "description": "",
            "folder_id": "b1gfhsslotg20fdvni58",
            "fqdn": "fhmcnjpvfu2jo9o24hh9.auto.internal",
            "hostname": "fhmcnjpvfu2jo9o24hh9",
            "id": "fhmcnjpvfu2jo9o24hh9",
            "labels": null,
            "metadata": {
              "ssh-keys": "ubuntu:ssh-rsa AAAAB3NzaC1yc2EAAAADAQABAAABAQCViyuc2K8TfUt3uO1Pq6AOebgDmjvkrwPWrqicS1UVIVbhlv756cCYBVkTs/tGXRP42Ej/R2K77IP++2jG3YWGszwvEm+tepKGjmEfOodR3D+9rmHTipy+u2VXIxNp7YYNNJcWKWmrJKEZ0lONTJEzSiSiwQbvoymopDvHG5qPy/Zh3HxQ04UBK8ep0i12uNklly2d0Q2279wYgy2UH+FEhjegdTT4v7dLnQWp3viN9qwbOZWMfaRM6QdZdoQObtjTRxtw5lsGId0eQfmcXeqIPuQaCXBL6BOhDLEr1gyZiCwAWidRJT8QcWYPRxkgGrPcZdVixrgyoB5iInfZ++e5 igni@igni\n"
            },
            "name": "terraform1",
            "network_acceleration_type": "standard",
            "network_interface": [
              {
                "dns_record": [],
                "index": 0,
                "ip_address": "192.168.10.10",
                "ipv4": true,
                "ipv6": false,
                "ipv6_address": "",
                "ipv6_dns_record": [],
                "mac_address": "d0:0d:cb:cf:3f:7f",
                "nat": true,
                "nat_dns_record": [],
                "nat_ip_address": "51.250.0.83",
                "nat_ip_version": "IPV4",
                "security_group_ids": [],
                "subnet_id": "e9be2oc43b221ap4enb9"
              }
            ],
            "placement_policy": [
              {
                "host_affinity_rules": [],
                "placement_group_id": ""
              }
            ],
            "platform_id": "standard-v1",
            "resources": [
              {
                "core_fraction": 100,
                "cores": 2,
                "gpus": 0,
                "memory": 2
              }
            ],
            "scheduling_policy": [
              {
                "preemptible": false
              }
            ],
            "secondary_disk": [],
            "service_account_id": "",
            "status": "running",
            "timeouts": null,
            "zone": "ru-central1-a"
          },
          "sensitive_attributes": [],
          "private": "eyJlMmJmYjczMC1lY2FhLTExZTYtOGY4OC0zNDM2M2JjN2M0YzAiOnsiY3JlYXRlIjozMDAwMDAwMDAwMDAsImRlbGV0ZSI6MzAwMDAwMDAwMDAwLCJ1cGRhdGUiOjMwMDAwMDAwMDAwMH0sInNjaGVtYV92ZXJzaW9uIjoiMSJ9",
          "dependencies": [
            "yandex_vpc_network.network-1",
            "yandex_vpc_subnet.subnet-1"
          ]
        }
      ]
    },
    {
      "mode": "managed",
      "type": "yandex_compute_instance",
      "name": "vm-2",
      "provider": "provider[\"registry.terraform.io/yandex-cloud/yandex\"]",
      "instances": [
        {
          "schema_version": 1,
          "attributes": {
            "allow_recreate": null,
            "allow_stopping_for_update": null,
            "boot_disk": [
              {
                "auto_delete": true,
                "device_name": "fhmsjljocfog1fc9g7b6",
                "disk_id": "fhmsjljocfog1fc9g7b6",
                "initialize_params": [
                  {
                    "block_size": 4096,
                    "description": "",
                    "image_id": "fd8fte6bebi857ortlja",
                    "name": "",
                    "size": 7,
                    "snapshot_id": "",
                    "type": "network-hdd"
                  }
                ],
                "mode": "READ_WRITE"
              }
            ],
            "created_at": "2022-06-13T19:26:25Z",
            "description": "",
            "folder_id": "b1gfhsslotg20fdvni58",
            "fqdn": "fhma4uoi9oeii4mgubov.auto.internal",
            "hostname": "fhma4uoi9oeii4mgubov",
            "id": "fhma4uoi9oeii4mgubov",
            "labels": null,
            "metadata": {
              "ssh-keys": "ubuntu:ssh-rsa AAAAB3NzaC1yc2EAAAADAQABAAABAQCViyuc2K8TfUt3uO1Pq6AOebgDmjvkrwPWrqicS1UVIVbhlv756cCYBVkTs/tGXRP42Ej/R2K77IP++2jG3YWGszwvEm+tepKGjmEfOodR3D+9rmHTipy+u2VXIxNp7YYNNJcWKWmrJKEZ0lONTJEzSiSiwQbvoymopDvHG5qPy/Zh3HxQ04UBK8ep0i12uNklly2d0Q2279wYgy2UH+FEhjegdTT4v7dLnQWp3viN9qwbOZWMfaRM6QdZdoQObtjTRxtw5lsGId0eQfmcXeqIPuQaCXBL6BOhDLEr1gyZiCwAWidRJT8QcWYPRxkgGrPcZdVixrgyoB5iInfZ++e5 igni@igni\n"
            },
            "name": "terraform2",
            "network_acceleration_type": "standard",
            "network_interface": [
              {
                "dns_record": [],
                "index": 0,
                "ip_address": "192.168.10.3",
                "ipv4": true,
                "ipv6": false,
                "ipv6_address": "",
                "ipv6_dns_record": [],
                "mac_address": "d0:0d:a2:7b:12:4e",
                "nat": true,
                "nat_dns_record": [],
                "nat_ip_address": "51.250.6.229",
                "nat_ip_version": "IPV4",
                "security_group_ids": [],
                "subnet_id": "e9be2oc43b221ap4enb9"
              }
            ],
            "placement_policy": [
              {
                "host_affinity_rules": [],
                "placement_group_id": ""
              }
            ],
            "platform_id": "standard-v1",
            "resources": [
              {
                "core_fraction": 100,
                "cores": 4,
                "gpus": 0,
                "memory": 4
              }
            ],
            "scheduling_policy": [
              {
                "preemptible": false
              }
            ],
            "secondary_disk": [],
            "service_account_id": "",
            "status": "running",
            "timeouts": null,
            "zone": "ru-central1-a"
          },
          "sensitive_attributes": [],
          "private": "eyJlMmJmYjczMC1lY2FhLTExZTYtOGY4OC0zNDM2M2JjN2M0YzAiOnsiY3JlYXRlIjozMDAwMDAwMDAwMDAsImRlbGV0ZSI6MzAwMDAwMDAwMDAwLCJ1cGRhdGUiOjMwMDAwMDAwMDAwMH0sInNjaGVtYV92ZXJzaW9uIjoiMSJ9",
          "dependencies": [
            "yandex_vpc_network.network-1",
            "yandex_vpc_subnet.subnet-1"
          ]
        }
      ]
    },
    {
      "mode": "managed",
      "type": "yandex_vpc_network",
      "name": "network-1",
      "provider": "provider[\"registry.terraform.io/yandex-cloud/yandex\"]",
      "instances": [
        {
          "schema_version": 0,
          "attributes": {
            "created_at": "2022-06-13T19:26:24Z",
            "default_security_group_id": "",
            "description": "",
            "folder_id": "b1gfhsslotg20fdvni58",
            "id": "enpmjbcer0s0dgg2b8u0",
            "labels": {},
            "name": "network1",
            "subnet_ids": [],
            "timeouts": null
          },
          "sensitive_attributes": [],
          "private": "eyJlMmJmYjczMC1lY2FhLTExZTYtOGY4OC0zNDM2M2JjN2M0YzAiOnsiY3JlYXRlIjo2MDAwMDAwMDAwMCwiZGVsZXRlIjo2MDAwMDAwMDAwMCwidXBkYXRlIjo2MDAwMDAwMDAwMH19"
        }
      ]
    },
    {
      "mode": "managed",
      "type": "yandex_vpc_subnet",
      "name": "subnet-1",
      "provider": "provider[\"registry.terraform.io/yandex-cloud/yandex\"]",
      "instances": [
        {
          "schema_version": 0,
          "attributes": {
            "created_at": "2022-06-13T19:26:24Z",
            "description": "",
            "dhcp_options": [],
            "folder_id": "b1gfhsslotg20fdvni58",
            "id": "e9be2oc43b221ap4enb9",
            "labels": {},
            "name": "subnet1",
            "network_id": "enpmjbcer0s0dgg2b8u0",
            "route_table_id": "",
            "timeouts": null,
            "v4_cidr_blocks": [
              "192.168.10.0/24"
            ],
            "v6_cidr_blocks": [],
            "zone": "ru-central1-a"
          },
          "sensitive_attributes": [],
          "private": "eyJlMmJmYjczMC1lY2FhLTExZTYtOGY4OC0zNDM2M2JjN2M0YzAiOnsiY3JlYXRlIjoxODAwMDAwMDAwMDAsImRlbGV0ZSI6MTgwMDAwMDAwMDAwLCJ1cGRhdGUiOjE4MDAwMDAwMDAwMH19",
          "dependencies": [
            "yandex_vpc_network.network-1"
          ]
        }
      ]
    }
  ]
}
