{
  "version": 4,
  "terraform_version": "1.1.9",
  "serial": 11,
  "lineage": "c9181aaf-74b2-8132-958b-c87d1af64ad0",
  "outputs": {
    "external_ip_address_vm_1": {
      "value": "130.193.53.174",
      "type": "string"
    },
    "internal_ip_address_vm_1": {
      "value": "10.129.0.27",
      "type": "string"
    }
  },
  "resources": [
    {
      "mode": "managed",
      "type": "yandex_compute_instance",
      "name": "vm-1",
      "provider": "provider[\"registry.terraform.io/yandex-cloud/yandex\"]",
      "instances": [
        {
          "schema_version": 1,
          "attributes": {
            "allow_recreate": null,
            "allow_stopping_for_update": null,
            "boot_disk": [
              {
                "auto_delete": true,
                "device_name": "epdvdp6vdnk3d368icaa",
                "disk_id": "epdvdp6vdnk3d368icaa",
                "initialize_params": [
                  {
                    "block_size": 4096,
                    "description": "",
                    "image_id": "fd8fte6bebi857ortlja",
                    "name": "",
                    "size": 4,
                    "snapshot_id": "",
                    "type": "network-hdd"
                  }
                ],
                "mode": "READ_WRITE"
              }
            ],
            "created_at": "2022-06-19T13:32:12Z",
            "description": "",
            "folder_id": "b1ggbrni6esfhum71vff",
            "fqdn": "epdoadl0simd24u63qjs.auto.internal",
            "hostname": "epdoadl0simd24u63qjs",
            "id": "epdoadl0simd24u63qjs",
            "labels": null,
            "metadata": {
              "ssh-keys": "ubuntu:ssh-rsa AAAAB3NzaC1yc2EAAAADAQABAAABAQDM6modCndfYNh2S4YHNHYyfFzeRrk9E8/wqq6nNr5/ssznaZ3r3vDp/VOUv7Aa1xw/0bonUHMo1MLezD/IBCxqAJ42KYXUknMjxFxkORBATpXKyZiWWpeF6Vk2xZQ9coqtZA64zTIzim8tNLMTPWca99rJJXEtMcS6RsdmEwL9yBWXnodCDVCTOaNwgtNM5Y0M2vaK4w/ikIReoopuKj+9IDgfvqgb0xvyoaCq6iRS489KBFzDCnEm1u6QgNWfehrbGC80oSxAyqMdJhDcKwTXIHQEf57Xa4TzmQ2KZxucJ6lkUEGhHyqyozYsq72oyPMF5wzs+P6p3ldIXBjP8H7F abdurasul@abdurasul\n"
            },
            "name": "terraform-mna",
            "network_acceleration_type": "standard",
            "network_interface": [
              {
                "dns_record": [],
                "index": 0,
                "ip_address": "10.129.0.27",
                "ipv4": true,
                "ipv6": false,
                "ipv6_address": "",
                "ipv6_dns_record": [],
                "mac_address": "d0:0d:18:53:6a:0e",
                "nat": true,
                "nat_dns_record": [],
                "nat_ip_address": "130.193.53.174",
                "nat_ip_version": "IPV4",
                "security_group_ids": [],
                "subnet_id": "e2l49seh77ovvv7ihivc"
              }
            ],
            "placement_policy": [
              {
                "host_affinity_rules": [],
                "placement_group_id": ""
              }
            ],
            "platform_id": "standard-v1",
            "resources": [
              {
                "core_fraction": 100,
                "cores": 2,
                "gpus": 0,
                "memory": 2
              }
            ],
            "scheduling_policy": [
              {
                "preemptible": false
              }
            ],
            "secondary_disk": [],
            "service_account_id": "",
            "status": "running",
            "timeouts": null,
            "zone": "ru-central1-b"
          },
          "sensitive_attributes": [],
          "private": "eyJlMmJmYjczMC1lY2FhLTExZTYtOGY4OC0zNDM2M2JjN2M0YzAiOnsiY3JlYXRlIjozMDAwMDAwMDAwMDAsImRlbGV0ZSI6MzAwMDAwMDAwMDAwLCJ1cGRhdGUiOjMwMDAwMDAwMDAwMH0sInNjaGVtYV92ZXJzaW9uIjoiMSJ9"
        }
      ]
    },
    {
      "mode": "managed",
      "type": "yandex_vpc_network",
      "name": "network-1",
      "provider": "provider[\"registry.terraform.io/yandex-cloud/yandex\"]",
      "instances": [
        {
          "schema_version": 0,
          "attributes": {
            "created_at": "2022-06-19T13:32:12Z",
            "default_security_group_id": "",
            "description": "",
            "folder_id": "b1ggbrni6esfhum71vff",
            "id": "enp69pg7141lcscsvtq1",
            "labels": {},
            "name": "network-mna",
            "subnet_ids": [],
            "timeouts": null
          },
          "sensitive_attributes": [],
          "private": "eyJlMmJmYjczMC1lY2FhLTExZTYtOGY4OC0zNDM2M2JjN2M0YzAiOnsiY3JlYXRlIjo2MDAwMDAwMDAwMCwiZGVsZXRlIjo2MDAwMDAwMDAwMCwidXBkYXRlIjo2MDAwMDAwMDAwMH19"
        }
      ]
    },
    {
      "mode": "managed",
      "type": "yandex_vpc_subnet",
      "name": "subnet-1",
      "provider": "provider[\"registry.terraform.io/yandex-cloud/yandex\"]",
      "instances": [
        {
          "schema_version": 0,
          "attributes": {
            "created_at": "2022-06-19T13:32:13Z",
            "description": "",
            "dhcp_options": [],
            "folder_id": "b1ggbrni6esfhum71vff",
            "id": "e9bd4eag8hj693a5fjbq",
            "labels": {},
            "name": "subnet1",
            "network_id": "enp69pg7141lcscsvtq1",
            "route_table_id": "",
            "timeouts": null,
            "v4_cidr_blocks": [
              "192.168.10.0/24"
            ],
            "v6_cidr_blocks": [],
            "zone": "ru-central1-a"
          },
          "sensitive_attributes": [],
          "private": "eyJlMmJmYjczMC1lY2FhLTExZTYtOGY4OC0zNDM2M2JjN2M0YzAiOnsiY3JlYXRlIjoxODAwMDAwMDAwMDAsImRlbGV0ZSI6MTgwMDAwMDAwMDAwLCJ1cGRhdGUiOjE4MDAwMDAwMDAwMH19",
          "dependencies": [
            "yandex_vpc_network.network-1"
          ]
        }
      ]
    }
  ]
}
