{
  "version": 4,
  "terraform_version": "1.2.2",
  "serial": 11,
  "lineage": "a474cad8-1af2-f24b-5856-b211b2b578b0",
  "outputs": {},
  "resources": [
    {
      "mode": "managed",
      "type": "github_branch_default",
      "name": "default",
      "provider": "provider[\"registry.terraform.io/integrations/github\"]",
      "instances": [
        {
          "schema_version": 0,
          "attributes": {
            "branch": "master",
            "id": "iu-devops-labs",
            "repository": "iu-devops-labs"
          },
          "sensitive_attributes": [],
          "private": "bnVsbA==",
          "dependencies": [
            "github_repository.iu-devops-labs"
          ]
        }
      ]
    },
    {
      "mode": "managed",
      "type": "github_branch_protection",
      "name": "iu-devops-labs-protection",
      "provider": "provider[\"registry.terraform.io/integrations/github\"]",
      "instances": [
        {
          "schema_version": 1,
          "attributes": {
            "allows_deletions": false,
            "allows_force_pushes": false,
            "enforce_admins": true,
            "id": "BPR_kwDOHa4Aoc4BlhYi",
            "pattern": "master",
            "push_restrictions": null,
            "repository_id": "iu-devops-labs",
            "require_conversation_resolution": false,
            "require_signed_commits": false,
            "required_linear_history": false,
            "required_pull_request_reviews": [
              {
                "dismiss_stale_reviews": true,
                "dismissal_restrictions": null,
                "pull_request_bypassers": null,
                "require_code_owner_reviews": false,
                "required_approving_review_count": 1,
                "restrict_dismissals": false
              }
            ],
            "required_status_checks": []
          },
          "sensitive_attributes": [],
          "private": "eyJzY2hlbWFfdmVyc2lvbiI6IjEifQ==",
          "dependencies": [
            "github_repository.iu-devops-labs"
          ]
        }
      ]
    },
    {
      "mode": "managed",
      "type": "github_repository",
      "name": "iu-devops-labs",
      "provider": "provider[\"registry.terraform.io/integrations/github\"]",
      "instances": [
        {
          "schema_version": 0,
          "attributes": {
            "allow_auto_merge": false,
            "allow_merge_commit": true,
            "allow_rebase_merge": true,
            "allow_squash_merge": true,
            "archive_on_destroy": null,
            "archived": false,
            "auto_init": false,
            "branches": [
              {
                "name": "lab1",
                "protected": false
              },
              {
                "name": "lab2",
                "protected": false
              },
              {
                "name": "lab3",
                "protected": false
              },
              {
                "name": "lab4",
                "protected": false
              },
              {
                "name": "lab5",
                "protected": false
              },
              {
                "name": "lab6",
                "protected": false
              },
              {
                "name": "lab7",
                "protected": false
              },
              {
                "name": "lab8",
                "protected": false
              },
              {
                "name": "lab9",
                "protected": false
              },
              {
                "name": "lab10",
                "protected": false
              },
              {
                "name": "master",
                "protected": false
              }
            ],
            "default_branch": "master",
            "delete_branch_on_merge": false,
            "description": "Solutions to DevOps labs",
            "etag": "W/\"ec087edeb7fd79d508c3bc115e68028c5fbaa26e1eabd2bca8540eddfd859c36\"",
            "full_name": "ananasness/iu-devops-labs",
            "git_clone_url": "git://github.com/ananasness/iu-devops-labs.git",
            "gitignore_template": null,
            "has_downloads": false,
            "has_issues": false,
            "has_projects": false,
            "has_wiki": false,
            "homepage_url": "",
            "html_url": "https://github.com/ananasness/iu-devops-labs",
            "http_clone_url": "https://github.com/ananasness/iu-devops-labs.git",
            "id": "iu-devops-labs",
            "ignore_vulnerability_alerts_during_read": null,
            "is_template": false,
            "license_template": null,
            "name": "iu-devops-labs",
            "node_id": "R_kgDOHa4AoQ",
            "pages": [],
            "private": false,
            "repo_id": 497942689,
            "ssh_clone_url": "git@github.com:ananasness/iu-devops-labs.git",
            "svn_url": "https://github.com/ananasness/iu-devops-labs",
            "template": [],
            "topics": [],
            "visibility": "public",
            "vulnerability_alerts": false
          },
          "sensitive_attributes": [],
          "private": "bnVsbA=="
        }
      ]
    }
  ]
}
