{
  "version": 4,
  "terraform_version": "1.2.2",
  "serial": 4,
  "lineage": "b6450ad3-234a-6bbd-d57b-b2d2b229dc25",
  "outputs": {
    "external_ip_address_vm_1": {
      "value": "51.250.72.4",
      "type": "string"
    },
    "internal_ip_address_vm_1": {
      "value": "192.168.10.8",
      "type": "string"
    }
  },
  "resources": [
    {
      "mode": "managed",
      "type": "yandex_compute_instance",
      "name": "vm-1",
      "provider": "provider[\"registry.terraform.io/yandex-cloud/yandex\"]",
      "instances": [
        {
          "schema_version": 1,
          "attributes": {
            "allow_recreate": null,
            "allow_stopping_for_update": null,
            "boot_disk": [
              {
                "auto_delete": true,
                "device_name": "fhm745mkrit1aqeta5pa",
                "disk_id": "fhm745mkrit1aqeta5pa",
                "initialize_params": [
                  {
                    "block_size": 4096,
                    "description": "",
                    "image_id": "fd87tirk5i8vitv9uuo1",
                    "name": "",
                    "size": 5,
                    "snapshot_id": "",
                    "type": "network-hdd"
                  }
                ],
                "mode": "READ_WRITE"
              }
            ],
            "created_at": "2022-06-13T06:30:53Z",
            "description": "",
            "folder_id": "b1gt27vpd8be6b683j3l",
            "fqdn": "fhm131mu7no7ho2vafd4.auto.internal",
            "hostname": "fhm131mu7no7ho2vafd4",
            "id": "fhm131mu7no7ho2vafd4",
            "labels": null,
            "metadata": {
              "ssh-keys": "ubuntu:ssh-rsa AAAAB3NzaC1yc2EAAAADAQABAAABAQCg1lNE9aSP+/vTj2tJCi9P5Dd0Lp/Q7GH/1gJZR9fmG77geXDvLk9SsDqP3uSWkim8sLnfNjIIFmZFWGt/CUulq5i05f+4DPJQk9/kOEuJ502IfLsikYPQ+encorZ3aDrCoHpvpp+KPTCzMG/Z/V+Yizh+/XT4CfvfO6XbX1ZRroCdXTTpMz+YyBZuiXTO5UOEkAf+L5AN6WAY38fNvIl8sG3/BsBwKhPQaS3lM4b8OeTCQnzMFf2PlDtqttj8hDXs+nXIGHPajhIm9UiDSv3XB08cWii9NSkWt9I3Yrh0fXEPn7chJq/3Cs+afpGn183PiLM+NDlTTyJg2znlmpLB danila@MacBook-Pro-Danila.local\n"
            },
            "name": "terraform1",
            "network_acceleration_type": "standard",
            "network_interface": [
              {
                "dns_record": [],
                "index": 0,
                "ip_address": "192.168.10.8",
                "ipv4": true,
                "ipv6": false,
                "ipv6_address": "",
                "ipv6_dns_record": [],
                "mac_address": "d0:0d:11:86:de:3d",
                "nat": true,
                "nat_dns_record": [],
                "nat_ip_address": "51.250.72.4",
                "nat_ip_version": "IPV4",
                "security_group_ids": [],
                "subnet_id": "e9b7mvhuthr97a3f9ns8"
              }
            ],
            "placement_policy": [
              {
                "host_affinity_rules": [],
                "placement_group_id": ""
              }
            ],
            "platform_id": "standard-v1",
            "resources": [
              {
                "core_fraction": 100,
                "cores": 2,
                "gpus": 0,
                "memory": 2
              }
            ],
            "scheduling_policy": [
              {
                "preemptible": false
              }
            ],
            "secondary_disk": [],
            "service_account_id": "",
            "status": "running",
            "timeouts": null,
            "zone": "ru-central1-a"
          },
          "sensitive_attributes": [],
          "private": "eyJlMmJmYjczMC1lY2FhLTExZTYtOGY4OC0zNDM2M2JjN2M0YzAiOnsiY3JlYXRlIjozMDAwMDAwMDAwMDAsImRlbGV0ZSI6MzAwMDAwMDAwMDAwLCJ1cGRhdGUiOjMwMDAwMDAwMDAwMH0sInNjaGVtYV92ZXJzaW9uIjoiMSJ9",
          "dependencies": [
            "yandex_vpc_network.network-1",
            "yandex_vpc_subnet.subnet-1"
          ]
        }
      ]
    },
    {
      "mode": "managed",
      "type": "yandex_vpc_network",
      "name": "network-1",
      "provider": "provider[\"registry.terraform.io/yandex-cloud/yandex\"]",
      "instances": [
        {
          "schema_version": 0,
          "attributes": {
            "created_at": "2022-06-13T06:30:51Z",
            "default_security_group_id": "",
            "description": "",
            "folder_id": "b1gt27vpd8be6b683j3l",
            "id": "enp51hagen03q8di9van",
            "labels": {},
            "name": "network1",
            "subnet_ids": [],
            "timeouts": null
          },
          "sensitive_attributes": [],
          "private": "eyJlMmJmYjczMC1lY2FhLTExZTYtOGY4OC0zNDM2M2JjN2M0YzAiOnsiY3JlYXRlIjo2MDAwMDAwMDAwMCwiZGVsZXRlIjo2MDAwMDAwMDAwMCwidXBkYXRlIjo2MDAwMDAwMDAwMH19"
        }
      ]
    },
    {
      "mode": "managed",
      "type": "yandex_vpc_subnet",
      "name": "subnet-1",
      "provider": "provider[\"registry.terraform.io/yandex-cloud/yandex\"]",
      "instances": [
        {
          "schema_version": 0,
          "attributes": {
            "created_at": "2022-06-13T06:30:52Z",
            "description": "",
            "dhcp_options": [],
            "folder_id": "b1gt27vpd8be6b683j3l",
            "id": "e9b7mvhuthr97a3f9ns8",
            "labels": {},
            "name": "subnet1",
            "network_id": "enp51hagen03q8di9van",
            "route_table_id": "",
            "timeouts": null,
            "v4_cidr_blocks": [
              "192.168.10.0/24"
            ],
            "v6_cidr_blocks": [],
            "zone": "ru-central1-a"
          },
          "sensitive_attributes": [],
          "private": "eyJlMmJmYjczMC1lY2FhLTExZTYtOGY4OC0zNDM2M2JjN2M0YzAiOnsiY3JlYXRlIjoxODAwMDAwMDAwMDAsImRlbGV0ZSI6MTgwMDAwMDAwMDAwLCJ1cGRhdGUiOjE4MDAwMDAwMDAwMH19",
          "dependencies": [
            "yandex_vpc_network.network-1"
          ]
        }
      ]
    }
  ]
}
