{
  "version": 4,
  "terraform_version": "1.2.2",
  "serial": 1,
  "lineage": "560893c6-1528-87f0-a685-a636bc617e22",
  "outputs": {},
  "resources": [
    {
      "mode": "managed",
      "type": "vagrant_vm",
      "name": "my_vagrant_vm",
      "provider": "provider[\"registry.terraform.io/bmatcuk/vagrant\"]",
      "instances": [
        {
          "schema_version": 1,
          "attributes": {
            "env": null,
            "get_ports": true,
            "id": "vagrant:lab4_vm1:lab4_vm2:lab4_vm3",
            "machine_names": [
              "lab4_vm1",
              "lab4_vm2",
              "lab4_vm3"
            ],
            "ports": [
              [
                {
                  "guest": 22,
                  "host": 2222
                }
              ],
              [
                {
                  "guest": 22,
                  "host": 2200
                }
              ],
              [
                {
                  "guest": 22,
                  "host": 2201
                }
              ]
            ],
            "ssh_config": [
              {
                "agent": "false",
                "host": "127.0.0.1",
                "port": "2222",
                "private_key": "",
                "type": "ssh",
                "user": "vagrant"
              },
              {
                "agent": "false",
                "host": "127.0.0.1",
                "port": "2200",
                "private_key": "",
                "type": "ssh",
                "user": "vagrant"
              },
              {
                "agent": "false",
                "host": "127.0.0.1",
                "port": "2201",
                "private_key": "",
                "type": "ssh",
                "user": "vagrant"
              }
            ],
            "vagrantfile_dir": "."
          },
          "sensitive_attributes": [],
          "private": "eyJzY2hlbWFfdmVyc2lvbiI6IjEifQ=="
        }
      ]
    }
  ]
}
