{
  "version": 4,
  "terraform_version": "1.1.9",
  "serial": 4,
  "lineage": "30346ac3-22e0-5897-a23c-9a11e1e737a5",
  "outputs": {},
  "resources": [
    {
      "mode": "managed",
      "type": "github_branch_protection",
      "name": "test-devops-labs",
      "provider": "provider[\"registry.terraform.io/integrations/github\"]",
      "instances": [
        {
          "schema_version": 1,
          "attributes": {
            "allows_deletions": false,
            "allows_force_pushes": false,
            "enforce_admins": false,
            "id": "BPR_kwDOHkkUpM4BllQo",
            "pattern": "master",
            "push_restrictions": null,
            "repository_id": "R_kgDOHkkUpA",
            "require_conversation_resolution": false,
            "require_signed_commits": false,
            "required_linear_history": true,
            "required_pull_request_reviews": [],
            "required_status_checks": []
          },
          "sensitive_attributes": [],
          "private": "eyJzY2hlbWFfdmVyc2lvbiI6IjEifQ==",
          "dependencies": [
            "github_repository.test-devops-labs"
          ]
        }
      ]
    },
    {
      "mode": "managed",
      "type": "github_repository",
      "name": "test-devops-labs",
      "provider": "provider[\"registry.terraform.io/integrations/github\"]",
      "instances": [
        {
          "schema_version": 0,
          "attributes": {
            "allow_auto_merge": false,
            "allow_merge_commit": true,
            "allow_rebase_merge": true,
            "allow_squash_merge": true,
            "archive_on_destroy": null,
            "archived": false,
            "auto_init": null,
            "branches": [],
            "default_branch": "main",
            "delete_branch_on_merge": false,
            "description": "Solutions to DevOps labs",
            "etag": "W/\"636869d308a0a3a8dc82feb579ab9eca304aa4e37c2a69c1ecc4687088391760\"",
            "full_name": "raminafandi/test-devops-labs",
            "git_clone_url": "git://github.com/raminafandi/test-devops-labs.git",
            "gitignore_template": null,
            "has_downloads": false,
            "has_issues": false,
            "has_projects": false,
            "has_wiki": false,
            "homepage_url": "",
            "html_url": "https://github.com/raminafandi/test-devops-labs",
            "http_clone_url": "https://github.com/raminafandi/test-devops-labs.git",
            "id": "test-devops-labs",
            "ignore_vulnerability_alerts_during_read": null,
            "is_template": false,
            "license_template": null,
            "name": "test-devops-labs",
            "node_id": "R_kgDOHkkUpA",
            "pages": [],
            "private": false,
            "repo_id": 508105892,
            "ssh_clone_url": "git@github.com:raminafandi/test-devops-labs.git",
            "svn_url": "https://github.com/raminafandi/test-devops-labs",
            "template": [],
            "topics": null,
            "visibility": "public",
            "vulnerability_alerts": false
          },
          "sensitive_attributes": [],
          "private": "bnVsbA=="
        }
      ]
    }
  ]
}
