{
  "version": 4,
  "terraform_version": "1.1.9",
  "serial": 24,
  "lineage": "cc81e1e9-6a3e-0e98-e77d-2bd936ddc4bb",
  "outputs": {},
  "resources": [
    {
      "mode": "managed",
      "type": "github_branch_default",
      "name": "default",
      "provider": "provider[\"registry.terraform.io/integrations/github\"]",
      "instances": [
        {
          "schema_version": 0,
          "attributes": {
            "branch": "master",
            "id": "devops_labs",
            "repository": "devops_labs"
          },
          "sensitive_attributes": [],
          "private": "bnVsbA==",
          "dependencies": [
            "github_repository.devops_labs"
          ]
        }
      ]
    },
    {
      "mode": "managed",
      "type": "github_branch_protection",
      "name": "devops_labs",
      "provider": "provider[\"registry.terraform.io/integrations/github\"]",
      "instances": [
        {
          "schema_version": 1,
          "attributes": {
            "allows_deletions": false,
            "allows_force_pushes": false,
            "blocks_creations": false,
            "enforce_admins": false,
            "id": "BPR_kwDOHZYev84BoZRO",
            "pattern": "master",
            "push_restrictions": null,
            "repository_id": "R_kgDOHZYevw",
            "require_conversation_resolution": false,
            "require_signed_commits": false,
            "required_linear_history": true,
            "required_pull_request_reviews": [],
            "required_status_checks": []
          },
          "sensitive_attributes": [],
          "private": "eyJzY2hlbWFfdmVyc2lvbiI6IjEifQ==",
          "dependencies": [
            "github_repository.devops_labs"
          ]
        }
      ]
    },
    {
      "mode": "managed",
      "type": "github_repository",
      "name": "devops_labs",
      "provider": "provider[\"registry.terraform.io/integrations/github\"]",
      "instances": [
        {
          "schema_version": 0,
          "attributes": {
            "allow_auto_merge": false,
            "allow_merge_commit": true,
            "allow_rebase_merge": true,
            "allow_squash_merge": true,
            "archive_on_destroy": null,
            "archived": false,
            "auto_init": false,
            "branches": [
              {
                "name": "lab1",
                "protected": false
              },
              {
                "name": "lab2",
                "protected": false
              },
              {
                "name": "lab3",
                "protected": false
              },
              {
                "name": "lab4",
                "protected": false
              },
              {
                "name": "lab5",
                "protected": false
              },
              {
                "name": "lab6",
                "protected": false
              },
              {
                "name": "lab7",
                "protected": false
              },
              {
                "name": "lab8",
                "protected": false
              },
              {
                "name": "lab9",
                "protected": false
              },
              {
                "name": "lab10",
                "protected": false
              },
              {
                "name": "master",
                "protected": false
              }
            ],
            "default_branch": "master",
            "delete_branch_on_merge": false,
            "description": "Solutions to DevOps labs",
            "etag": "W/\"69e933861fb7cd0bb623882c86e62cb65e5a3fe252375a95d2e6a57aa2ce8098\"",
            "full_name": "war-and-peace/devops_labs",
            "git_clone_url": "git://github.com/war-and-peace/devops_labs.git",
            "gitignore_template": null,
            "has_downloads": false,
            "has_issues": false,
            "has_projects": false,
            "has_wiki": false,
            "homepage_url": "",
            "html_url": "https://github.com/war-and-peace/devops_labs",
            "http_clone_url": "https://github.com/war-and-peace/devops_labs.git",
            "id": "devops_labs",
            "ignore_vulnerability_alerts_during_read": null,
            "is_template": false,
            "license_template": null,
            "name": "devops_labs",
            "node_id": "R_kgDOHZYevw",
            "pages": [],
            "private": false,
            "repo_id": 496377535,
            "ssh_clone_url": "git@github.com:war-and-peace/devops_labs.git",
            "svn_url": "https://github.com/war-and-peace/devops_labs",
            "template": [],
            "topics": [],
            "visibility": "public",
            "vulnerability_alerts": false
          },
          "sensitive_attributes": [],
          "private": "bnVsbA=="
        }
      ]
    }
  ]
}
