{
  "version": 4,
  "terraform_version": "1.2.2",
  "serial": 17,
  "lineage": "6803add0-e2c7-a0f8-6afa-f6aeacc8a8ad",
  "outputs": {},
  "resources": [
    {
      "mode": "managed",
      "type": "github_repository",
      "name": "terraform",
      "provider": "provider[\"registry.terraform.io/integrations/github\"]",
      "instances": [
        {
          "schema_version": 0,
          "attributes": {
            "allow_auto_merge": false,
            "allow_merge_commit": true,
            "allow_rebase_merge": false,
            "allow_squash_merge": true,
            "archive_on_destroy": null,
            "archived": false,
            "auto_init": false,
            "branches": [
              {
                "name": "lab1",
                "protected": false
              },
              {
                "name": "lab2",
                "protected": false
              },
              {
                "name": "lab4",
                "protected": false
              },
              {
                "name": "master",
                "protected": false
              }
            ],
            "default_branch": "master",
            "delete_branch_on_merge": false,
            "description": "Solutions for devops labs",
            "etag": "W/\"9576ce0a2db79bb5fcbea64dc33d78e66373eed5284444f9537d9c6bc7eb3da8\"",
            "full_name": "AlxGration/devopslabs",
            "git_clone_url": "git://github.com/AlxGration/devopslabs.git",
            "gitignore_template": null,
            "has_downloads": false,
            "has_issues": false,
            "has_projects": false,
            "has_wiki": false,
            "homepage_url": "",
            "html_url": "https://github.com/AlxGration/devopslabs",
            "http_clone_url": "https://github.com/AlxGration/devopslabs.git",
            "id": "devopslabs",
            "ignore_vulnerability_alerts_during_read": null,
            "is_template": false,
            "license_template": null,
            "name": "devopslabs",
            "node_id": "R_kgDOHY2aaQ",
            "pages": [],
            "private": false,
            "repo_id": 495819369,
            "ssh_clone_url": "git@github.com:AlxGration/devopslabs.git",
            "svn_url": "https://github.com/AlxGration/devopslabs",
            "template": [],
            "topics": [],
            "visibility": "public",
            "vulnerability_alerts": false
          },
          "sensitive_attributes": [],
          "private": "bnVsbA=="
        }
      ]
    }
  ]
}
