{
  "version": 4,
  "terraform_version": "1.2.2",
  "serial": 63,
  "lineage": "825e667f-840c-c933-c891-a14cf28991e8",
  "outputs": {
    "external_ip_address_vm_1": {
      "value": "51.250.107.212",
      "type": "string"
    },
    "internal_ip_address_vm_1": {
      "value": "192.168.10.33",
      "type": "string"
    }
  },
  "resources": [
    {
      "mode": "managed",
      "type": "yandex_compute_instance",
      "name": "vm-1",
      "provider": "provider[\"registry.terraform.io/yandex-cloud/yandex\"]",
      "instances": [
        {
          "schema_version": 1,
          "attributes": {
            "allow_recreate": null,
            "allow_stopping_for_update": null,
            "boot_disk": [
              {
                "auto_delete": true,
                "device_name": "epd3ngvvthq44lo8tkep",
                "disk_id": "epd3ngvvthq44lo8tkep",
                "initialize_params": [
                  {
                    "block_size": 4096,
                    "description": "",
                    "image_id": "fd8mn5e1cksb3s1pcq12",
                    "name": "",
                    "size": 20,
                    "snapshot_id": "",
                    "type": "network-hdd"
                  }
                ],
                "mode": "READ_WRITE"
              }
            ],
            "created_at": "2022-06-20T14:22:09Z",
            "description": "",
            "folder_id": "b1g74lrok9tc3jn9c14c",
            "fqdn": "epdjdco6vmmksr7fl0r5.auto.internal",
            "hostname": "epdjdco6vmmksr7fl0r5",
            "id": "epdjdco6vmmksr7fl0r5",
            "labels": null,
            "metadata": {
              "user-data": "#cloud-config\nusers:\n  - name: user\n    groups: sudo\n    shell: /bin/bash\n    sudo: ['ALL=(ALL) NOPASSWD:ALL']\n    ssh_authorized_keys:\n      - ssh-rsa AAAAB3NzaC1yc2EAAAADAQABAAABgQDUdLl3GgK/68rmFS+Uvr8Cs4+EjpEGDvWAopyxx6FNXs+yn34ePCRt+G8mDecfo1cGP+YKGcAk2z8WXQwSb37MtRCFUx/3b59qFpWUNrsq2fYton27Udrn7c63/T9HuhBHG8vtWPiL7R7kMaX8thHdygs1DbuW4fRJf28Vhi6LfwedDnxzppxGwiMXjaPJij4Y9GyTZYhfaCyMU+IDdEwo//3y/w1ldb3S5iX0vW9D+Copx6x/KVr4lp9KJCUmGOws9txDIYhWhoWQFKq5TaUWpZ6Z+8si8GeUXqrDbF9YZ8c4pfuD+7iyMQY/RADAUQ6Z8P27IyXblq57/SkL7Yy/FtcUQPgAg4Y9jLcKzw5pLgIz4CJVPr4MJpDCN/y2ENbaOcMteon76prpiVUhidETEpGDinCSM0yjWdtGk1KkzEYV6OZ87OetS8zfG9cofLYnQh6EfuTqs3ER1BiN0ADQXAEgncV9TfsARv3UyDUizru9gxJYtPzUjI+YDawABtE= ravil@pop-os\n"
            },
            "name": "devopsvm1",
            "network_acceleration_type": "standard",
            "network_interface": [
              {
                "dns_record": [],
                "index": 0,
                "ip_address": "192.168.10.33",
                "ipv4": true,
                "ipv6": false,
                "ipv6_address": "",
                "ipv6_dns_record": [],
                "mac_address": "d0:0d:13:6b:30:6f",
                "nat": true,
                "nat_dns_record": [],
                "nat_ip_address": "51.250.107.212",
                "nat_ip_version": "IPV4",
                "security_group_ids": [],
                "subnet_id": "e2l64vkk1dbm0870dio7"
              }
            ],
            "placement_policy": [
              {
                "host_affinity_rules": [],
                "placement_group_id": ""
              }
            ],
            "platform_id": "standard-v1",
            "resources": [
              {
                "core_fraction": 100,
                "cores": 4,
                "gpus": 0,
                "memory": 8
              }
            ],
            "scheduling_policy": [
              {
                "preemptible": false
              }
            ],
            "secondary_disk": [],
            "service_account_id": "",
            "status": "running",
            "timeouts": null,
            "zone": "ru-central1-b"
          },
          "sensitive_attributes": [],
          "private": "eyJlMmJmYjczMC1lY2FhLTExZTYtOGY4OC0zNDM2M2JjN2M0YzAiOnsiY3JlYXRlIjozMDAwMDAwMDAwMDAsImRlbGV0ZSI6MzAwMDAwMDAwMDAwLCJ1cGRhdGUiOjMwMDAwMDAwMDAwMH0sInNjaGVtYV92ZXJzaW9uIjoiMSJ9",
          "dependencies": [
            "yandex_vpc_network.network-1",
            "yandex_vpc_subnet.subnet-1"
          ]
        }
      ]
    },
    {
      "mode": "managed",
      "type": "yandex_vpc_network",
      "name": "network-1",
      "provider": "provider[\"registry.terraform.io/yandex-cloud/yandex\"]",
      "instances": [
        {
          "schema_version": 0,
          "attributes": {
            "created_at": "2022-06-20T14:22:07Z",
            "default_security_group_id": "",
            "description": "",
            "folder_id": "b1g74lrok9tc3jn9c14c",
            "id": "enp3imeieil06pb1vrlp",
            "labels": {},
            "name": "network1",
            "subnet_ids": [],
            "timeouts": null
          },
          "sensitive_attributes": [],
          "private": "eyJlMmJmYjczMC1lY2FhLTExZTYtOGY4OC0zNDM2M2JjN2M0YzAiOnsiY3JlYXRlIjo2MDAwMDAwMDAwMCwiZGVsZXRlIjo2MDAwMDAwMDAwMCwidXBkYXRlIjo2MDAwMDAwMDAwMH19"
        }
      ]
    },
    {
      "mode": "managed",
      "type": "yandex_vpc_subnet",
      "name": "subnet-1",
      "provider": "provider[\"registry.terraform.io/yandex-cloud/yandex\"]",
      "instances": [
        {
          "schema_version": 0,
          "attributes": {
            "created_at": "2022-06-20T14:22:08Z",
            "description": "",
            "dhcp_options": [],
            "folder_id": "b1g74lrok9tc3jn9c14c",
            "id": "e2l64vkk1dbm0870dio7",
            "labels": {},
            "name": "subnet1",
            "network_id": "enp3imeieil06pb1vrlp",
            "route_table_id": "",
            "timeouts": null,
            "v4_cidr_blocks": [
              "192.168.10.0/24"
            ],
            "v6_cidr_blocks": [],
            "zone": "ru-central1-b"
          },
          "sensitive_attributes": [],
          "private": "eyJlMmJmYjczMC1lY2FhLTExZTYtOGY4OC0zNDM2M2JjN2M0YzAiOnsiY3JlYXRlIjoxODAwMDAwMDAwMDAsImRlbGV0ZSI6MTgwMDAwMDAwMDAwLCJ1cGRhdGUiOjE4MDAwMDAwMDAwMH19",
          "dependencies": [
            "yandex_vpc_network.network-1"
          ]
        }
      ]
    }
  ]
}
