{
  "version": 4,
  "terraform_version": "1.2.2",
  "serial": 12,
  "lineage": "cfce7d13-9656-baca-a5b2-b839baae0e21",
  "outputs": {},
  "resources": [
    {
      "mode": "managed",
      "type": "github_branch_default",
      "name": "default",
      "provider": "provider[\"registry.terraform.io/integrations/github\"]",
      "instances": [
        {
          "schema_version": 0,
          "attributes": {
            "branch": "master",
            "id": "labs",
            "repository": "labs"
          },
          "sensitive_attributes": [],
          "private": "bnVsbA==",
          "dependencies": [
            "github_repository.labs"
          ]
        }
      ]
    },
    {
      "mode": "managed",
      "type": "github_branch_protection_v3",
      "name": "labs",
      "provider": "provider[\"registry.terraform.io/integrations/github\"]",
      "instances": [
        {
          "schema_version": 0,
          "attributes": {
            "branch": "master",
            "enforce_admins": true,
            "etag": "W/\"89d690d15a8ccd4590d785f8e05fe5da2527b911b6378ac2d44ced040493a8c4\"",
            "id": "labs:master",
            "repository": "labs",
            "require_conversation_resolution": false,
            "require_signed_commits": false,
            "required_pull_request_reviews": [],
            "required_status_checks": [],
            "restrictions": [
              {
                "apps": null,
                "teams": null,
                "users": [
                  "raghadsalameh1"
                ]
              }
            ]
          },
          "sensitive_attributes": [],
          "private": "bnVsbA==",
          "dependencies": [
            "github_repository.labs"
          ]
        }
      ]
    },
    {
      "mode": "managed",
      "type": "github_repository",
      "name": "labs",
      "provider": "provider[\"registry.terraform.io/integrations/github\"]",
      "instances": [
        {
          "schema_version": 0,
          "attributes": {
            "allow_auto_merge": false,
            "allow_merge_commit": true,
            "allow_rebase_merge": true,
            "allow_squash_merge": true,
            "archive_on_destroy": null,
            "archived": false,
            "auto_init": false,
            "branches": [
              {
                "name": "lab1",
                "protected": false
              },
              {
                "name": "lab2",
                "protected": false
              },
              {
                "name": "lab3",
                "protected": false
              },
              {
                "name": "lab4",
                "protected": false
              },
              {
                "name": "lab5",
                "protected": false
              },
              {
                "name": "lab6",
                "protected": false
              },
              {
                "name": "lab7",
                "protected": false
              },
              {
                "name": "lab8",
                "protected": false
              },
              {
                "name": "master",
                "protected": false
              }
            ],
            "default_branch": "master",
            "delete_branch_on_merge": false,
            "description": "Solutions to DevOps labs",
            "etag": "W/\"c132df23ba7c81689a48e2d73be87079dff83aa485ac305f9974f1a1771f3417\"",
            "full_name": "devops-lab-org/labs",
            "git_clone_url": "git://github.com/devops-lab-org/labs.git",
            "gitignore_template": null,
            "has_downloads": false,
            "has_issues": false,
            "has_projects": false,
            "has_wiki": false,
            "homepage_url": "",
            "html_url": "https://github.com/devops-lab-org/labs",
            "http_clone_url": "https://github.com/devops-lab-org/labs.git",
            "id": "labs",
            "ignore_vulnerability_alerts_during_read": null,
            "is_template": false,
            "license_template": null,
            "name": "labs",
            "node_id": "R_kgDOHY2bYg",
            "pages": [],
            "private": false,
            "repo_id": 495819618,
            "ssh_clone_url": "git@github.com:devops-lab-org/labs.git",
            "svn_url": "https://github.com/devops-lab-org/labs",
            "template": [],
            "topics": [],
            "visibility": "public",
            "vulnerability_alerts": false
          },
          "sensitive_attributes": [],
          "private": "eyJzY2hlbWFfdmVyc2lvbiI6IjAifQ=="
        }
      ]
    }
  ]
}
