{
  "version": 4,
  "terraform_version": "1.2.2",
  "serial": 4,
  "lineage": "66260530-3053-8919-20eb-aa95a8487124",
  "outputs": {
    "external_ip_address_vm_1": {
      "value": "51.250.10.118",
      "type": "string"
    },
    "internal_ip_address_vm_1": {
      "value": "192.168.10.32",
      "type": "string"
    }
  },
  "resources": [
    {
      "mode": "managed",
      "type": "yandex_compute_instance",
      "name": "vm-1",
      "provider": "provider[\"registry.terraform.io/yandex-cloud/yandex\"]",
      "instances": [
        {
          "schema_version": 1,
          "attributes": {
            "allow_recreate": null,
            "allow_stopping_for_update": null,
            "boot_disk": [
              {
                "auto_delete": true,
                "device_name": "fhmms2dsboi2h5q8ef59",
                "disk_id": "fhmms2dsboi2h5q8ef59",
                "initialize_params": [
                  {
                    "block_size": 4096,
                    "description": "",
                    "image_id": "fd87tirk5i8vitv9uuo1",
                    "name": "",
                    "size": 5,
                    "snapshot_id": "",
                    "type": "network-hdd"
                  }
                ],
                "mode": "READ_WRITE"
              }
            ],
            "created_at": "2022-06-13T19:07:41Z",
            "description": "",
            "folder_id": "b1gq50dls1cdvqmtnk76",
            "fqdn": "fhmu3san36rm6smr07sq.auto.internal",
            "hostname": "fhmu3san36rm6smr07sq",
            "id": "fhmu3san36rm6smr07sq",
            "labels": null,
            "metadata": {
              "ssh-keys": "ubuntu:ssh-rsa AAAAB3NzaC1yc2EAAAADAQABAAABgQDKVlFjBhSQKffLzCyUc6hAhQbm0q7VIQf9mMHio9LOrsLvqfWVYUw5MZCUgTxar3QdqTlu5wtFAqoVWslHJyNuLVkrkQsNBzHAArloDIC7fNMv8r0R08FmZHscAealZORiGH64xDub/gT021bRKkihDLtFnQkU9ZEmawWuOCpwqJ+KmWCJRIBacHjrN9SLqoabsRKbxy53lyiQ2tiHZFOArWbjEhD5WbHo46SlYKSxwyegupPu+990UPRDeG01ZoDoOado/j1sDRX8RrEjSH7P5aed8q47OfMTEHtx8iS8a+dVcQgANIr40YXp+nikiQgIwkp15JWujtNtWQt7/fURX1E3haZBkoxj2EHm0Ow1yr2cgH+1E0QWhvYii7OKlS1YKqdKSljYz2c0cbT8XxIM0TAIoqALzF+CUuf2f6CmFN0JqoC8bSQZOZbndyOpf1oTftXqPhnRoGgu3nKb0Az1AXupu4Itsc4PUaPSiFlfxdejgQ0B9/rINh3/OhgQGLM= a.o.stepanov@macbook-a.o.stepanov\n"
            },
            "name": "terraform1",
            "network_acceleration_type": "standard",
            "network_interface": [
              {
                "dns_record": [],
                "index": 0,
                "ip_address": "192.168.10.32",
                "ipv4": true,
                "ipv6": false,
                "ipv6_address": "",
                "ipv6_dns_record": [],
                "mac_address": "d0:0d:1e:1f:15:71",
                "nat": true,
                "nat_dns_record": [],
                "nat_ip_address": "51.250.10.118",
                "nat_ip_version": "IPV4",
                "security_group_ids": [],
                "subnet_id": "e9bcv6mmj7dprqovps8k"
              }
            ],
            "placement_policy": [
              {
                "host_affinity_rules": [],
                "placement_group_id": ""
              }
            ],
            "platform_id": "standard-v1",
            "resources": [
              {
                "core_fraction": 100,
                "cores": 2,
                "gpus": 0,
                "memory": 2
              }
            ],
            "scheduling_policy": [
              {
                "preemptible": false
              }
            ],
            "secondary_disk": [],
            "service_account_id": "",
            "status": "running",
            "timeouts": null,
            "zone": "ru-central1-a"
          },
          "sensitive_attributes": [],
          "private": "eyJlMmJmYjczMC1lY2FhLTExZTYtOGY4OC0zNDM2M2JjN2M0YzAiOnsiY3JlYXRlIjozMDAwMDAwMDAwMDAsImRlbGV0ZSI6MzAwMDAwMDAwMDAwLCJ1cGRhdGUiOjMwMDAwMDAwMDAwMH0sInNjaGVtYV92ZXJzaW9uIjoiMSJ9",
          "dependencies": [
            "yandex_vpc_network.network-1",
            "yandex_vpc_subnet.subnet-1"
          ]
        }
      ]
    },
    {
      "mode": "managed",
      "type": "yandex_vpc_network",
      "name": "network-1",
      "provider": "provider[\"registry.terraform.io/yandex-cloud/yandex\"]",
      "instances": [
        {
          "schema_version": 0,
          "attributes": {
            "created_at": "2022-06-13T19:07:39Z",
            "default_security_group_id": "",
            "description": "",
            "folder_id": "b1gq50dls1cdvqmtnk76",
            "id": "enpaem53uc25osr7g2c8",
            "labels": {},
            "name": "network1",
            "subnet_ids": [],
            "timeouts": null
          },
          "sensitive_attributes": [],
          "private": "eyJlMmJmYjczMC1lY2FhLTExZTYtOGY4OC0zNDM2M2JjN2M0YzAiOnsiY3JlYXRlIjo2MDAwMDAwMDAwMCwiZGVsZXRlIjo2MDAwMDAwMDAwMCwidXBkYXRlIjo2MDAwMDAwMDAwMH19"
        }
      ]
    },
    {
      "mode": "managed",
      "type": "yandex_vpc_subnet",
      "name": "subnet-1",
      "provider": "provider[\"registry.terraform.io/yandex-cloud/yandex\"]",
      "instances": [
        {
          "schema_version": 0,
          "attributes": {
            "created_at": "2022-06-13T19:07:40Z",
            "description": "",
            "dhcp_options": [],
            "folder_id": "b1gq50dls1cdvqmtnk76",
            "id": "e9bcv6mmj7dprqovps8k",
            "labels": {},
            "name": "subnet1",
            "network_id": "enpaem53uc25osr7g2c8",
            "route_table_id": "",
            "timeouts": null,
            "v4_cidr_blocks": [
              "192.168.10.0/24"
            ],
            "v6_cidr_blocks": [],
            "zone": "ru-central1-a"
          },
          "sensitive_attributes": [],
          "private": "eyJlMmJmYjczMC1lY2FhLTExZTYtOGY4OC0zNDM2M2JjN2M0YzAiOnsiY3JlYXRlIjoxODAwMDAwMDAwMDAsImRlbGV0ZSI6MTgwMDAwMDAwMDAwLCJ1cGRhdGUiOjE4MDAwMDAwMDAwMH19",
          "dependencies": [
            "yandex_vpc_network.network-1"
          ]
        }
      ]
    }
  ]
}
