{
  "version": 4,
  "terraform_version": "1.2.2",
  "serial": 7,
  "lineage": "afb6f8cf-cb3c-e3fc-d10a-f0f1976c3b7f",
  "outputs": {
    "external_ip_address_vm_1": {
      "value": "51.250.77.185",
      "type": "string"
    },
    "internal_ip_address_vm_1": {
      "value": "192.168.10.34",
      "type": "string"
    }
  },
  "resources": [
    {
      "mode": "managed",
      "type": "yandex_compute_instance",
      "name": "vm-1",
      "provider": "provider[\"registry.terraform.io/yandex-cloud/yandex\"]",
      "instances": [
        {
          "schema_version": 1,
          "attributes": {
            "allow_recreate": null,
            "allow_stopping_for_update": null,
            "boot_disk": [
              {
                "auto_delete": true,
                "device_name": "fhm7pi8rp2ocn6mln2h5",
                "disk_id": "fhm7pi8rp2ocn6mln2h5",
                "initialize_params": [
                  {
                    "block_size": 4096,
                    "description": "",
                    "image_id": "fd87tirk5i8vitv9uuo1",
                    "name": "",
                    "size": 5,
                    "snapshot_id": "",
                    "type": "network-hdd"
                  }
                ],
                "mode": "READ_WRITE"
              }
            ],
            "created_at": "2022-06-12T09:40:59Z",
            "description": "",
            "folder_id": "b1gktsklqk8l8dp3beib",
            "fqdn": "fhm3vh82ieu6qhr33edj.auto.internal",
            "hostname": "fhm3vh82ieu6qhr33edj",
            "id": "fhm3vh82ieu6qhr33edj",
            "labels": {},
            "metadata": {
              "ssh-keys": "ubuntu:ssh-rsa AAAAB3NzaC1yc2EAAAADAQABAAABgQDaKXWNtTqOzgMfm3dBQUyo/cflV6+BftMKhccWVBHmkRW83mZK9sFlBEyGlmfCySbqP7oFaM8f8YKzSM933WoSPs4ddc3t7nGpYl/sA5mmnnodFAtxpt8Tz0VxmktNn83cUq3YM66FmFErf1EiJqCCVBx4ZdL/DJNZSdd2hESjLwYgSUbf1kOHzFeiYnFCE1hgpe2ZhBtcGd+qCBMHYYkrHkxYjUFWyvwqii+td8jje6IzerMxmyog5kwLBdZa8v6lDAZZzNBs49uqk2IbScsDpsU0i0RENS+k0p1yQE+/xyBlIicVjLMmyXi6bDHOjdtWvYGbWFOz2T4g6aLwIEcn6N6Nu5SjhJuNLc6LrmEOFGSzpkxf2kXwlQZPweLZ+NaKz9Vq09ijGFfzY+Gc5p50nk/7FXKZ5pjgHiQeiioRDp3KJbYgWVMKIznnmW1w/tPTW9Jz7ar+kVUHJt5LvrZFD5I3IFU7s/SMVzPXlELnn4rnVnI48SuI5Xi75xmw0uM= alex@MacBook-Air-Alexander.local\n"
            },
            "name": "terraform1",
            "network_acceleration_type": "standard",
            "network_interface": [
              {
                "dns_record": [],
                "index": 0,
                "ip_address": "192.168.10.34",
                "ipv4": true,
                "ipv6": false,
                "ipv6_address": "",
                "ipv6_dns_record": [],
                "mac_address": "d0:0d:3f:c5:02:93",
                "nat": true,
                "nat_dns_record": [],
                "nat_ip_address": "51.250.77.185",
                "nat_ip_version": "IPV4",
                "security_group_ids": [],
                "subnet_id": "e9b9d81aldntehbloc58"
              }
            ],
            "placement_policy": [
              {
                "host_affinity_rules": [],
                "placement_group_id": ""
              }
            ],
            "platform_id": "standard-v1",
            "resources": [
              {
                "core_fraction": 100,
                "cores": 2,
                "gpus": 0,
                "memory": 2
              }
            ],
            "scheduling_policy": [
              {
                "preemptible": false
              }
            ],
            "secondary_disk": [],
            "service_account_id": "",
            "status": "running",
            "timeouts": null,
            "zone": "ru-central1-a"
          },
          "sensitive_attributes": [],
          "private": "eyJlMmJmYjczMC1lY2FhLTExZTYtOGY4OC0zNDM2M2JjN2M0YzAiOnsiY3JlYXRlIjozMDAwMDAwMDAwMDAsImRlbGV0ZSI6MzAwMDAwMDAwMDAwLCJ1cGRhdGUiOjMwMDAwMDAwMDAwMH0sInNjaGVtYV92ZXJzaW9uIjoiMSJ9",
          "dependencies": [
            "yandex_vpc_network.network-1",
            "yandex_vpc_subnet.subnet-1"
          ]
        }
      ]
    },
    {
      "mode": "managed",
      "type": "yandex_vpc_network",
      "name": "network-1",
      "provider": "provider[\"registry.terraform.io/yandex-cloud/yandex\"]",
      "instances": [
        {
          "schema_version": 0,
          "attributes": {
            "created_at": "2022-06-12T09:37:32Z",
            "default_security_group_id": "",
            "description": "",
            "folder_id": "b1gktsklqk8l8dp3beib",
            "id": "enpeegt7cn59bir8onr6",
            "labels": {},
            "name": "network1",
            "subnet_ids": [
              "e9b9d81aldntehbloc58"
            ],
            "timeouts": null
          },
          "sensitive_attributes": [],
          "private": "eyJlMmJmYjczMC1lY2FhLTExZTYtOGY4OC0zNDM2M2JjN2M0YzAiOnsiY3JlYXRlIjo2MDAwMDAwMDAwMCwiZGVsZXRlIjo2MDAwMDAwMDAwMCwidXBkYXRlIjo2MDAwMDAwMDAwMH19"
        }
      ]
    },
    {
      "mode": "managed",
      "type": "yandex_vpc_subnet",
      "name": "subnet-1",
      "provider": "provider[\"registry.terraform.io/yandex-cloud/yandex\"]",
      "instances": [
        {
          "schema_version": 0,
          "attributes": {
            "created_at": "2022-06-12T09:37:33Z",
            "description": "",
            "dhcp_options": [],
            "folder_id": "b1gktsklqk8l8dp3beib",
            "id": "e9b9d81aldntehbloc58",
            "labels": {},
            "name": "subnet1",
            "network_id": "enpeegt7cn59bir8onr6",
            "route_table_id": "",
            "timeouts": null,
            "v4_cidr_blocks": [
              "192.168.10.0/24"
            ],
            "v6_cidr_blocks": [],
            "zone": "ru-central1-a"
          },
          "sensitive_attributes": [],
          "private": "eyJlMmJmYjczMC1lY2FhLTExZTYtOGY4OC0zNDM2M2JjN2M0YzAiOnsiY3JlYXRlIjoxODAwMDAwMDAwMDAsImRlbGV0ZSI6MTgwMDAwMDAwMDAwLCJ1cGRhdGUiOjE4MDAwMDAwMDAwMH19",
          "dependencies": [
            "yandex_vpc_network.network-1"
          ]
        }
      ]
    }
  ]
}
