{
  "version": 4,
  "terraform_version": "1.2.2",
  "serial": 13,
  "lineage": "55c9a5c9-7fad-c42f-5288-7db86f417a40",
  "outputs": {
    "external_ip_address_vm_1": {
      "value": "51.250.90.32",
      "type": "string"
    },
    "internal_ip_address_vm_1": {
      "value": "192.168.10.7",
      "type": "string"
    }
  },
  "resources": [
    {
      "mode": "managed",
      "type": "yandex_compute_instance",
      "name": "vm-1",
      "provider": "provider[\"registry.terraform.io/yandex-cloud/yandex\"]",
      "instances": [
        {
          "schema_version": 1,
          "attributes": {
            "allow_recreate": null,
            "allow_stopping_for_update": null,
            "boot_disk": [
              {
                "auto_delete": true,
                "device_name": "fhma8fdf9h0ipev4v69o",
                "disk_id": "fhma8fdf9h0ipev4v69o",
                "initialize_params": [
                  {
                    "block_size": 4096,
                    "description": "",
                    "image_id": "fd87tirk5i8vitv9uuo1",
                    "name": "",
                    "size": 5,
                    "snapshot_id": "",
                    "type": "network-hdd"
                  }
                ],
                "mode": "READ_WRITE"
              }
            ],
            "created_at": "2022-06-12T19:29:43Z",
            "description": "",
            "folder_id": "b1gka9ujmekvu6n724ej",
            "fqdn": "fhmsdkfdnd8d06oe12eg.auto.internal",
            "hostname": "fhmsdkfdnd8d06oe12eg",
            "id": "fhmsdkfdnd8d06oe12eg",
            "labels": null,
            "metadata": {
              "ssh-keys": "ubuntu:ssh-rsa AAAAB3NzaC1yc2EAAAADAQABAAABAQD2vu13wahhf4tMuj8iTe6bTrapc5wEBGOcsoQ/cyWPx99OlsZn8xSmZcaZr+tMUKRG8swdEyTaBJIqeV5D+gaocB5VH8F++y1cMhvwBTqRz/h1G8YXj8658YL7+ehT4OXFi3eNX5eVOSQMM6uKDORIx7l3fuJ+jf2Rua3mYz2XIqVXQ8cq8ZhYpTDscsupeitljZOw+5GbpDBZQNwtBz2xQoCxosz/tgsejmC0mBWw9M1t9HlTcTk9jAbyWLzrjIHGHGTAK0Z13Nk0dlO0Ac6CZdyXAJIioeE+Rb8FN3eY9VI5N8rC6Y9wi1T1Lj5C4ofJmThHGvMzAS/+M/gcuQJV ilya@DESKTOP-26OREAM\r\n"
            },
            "name": "terraform1",
            "network_acceleration_type": "standard",
            "network_interface": [
              {
                "dns_record": [],
                "index": 0,
                "ip_address": "192.168.10.7",
                "ipv4": true,
                "ipv6": false,
                "ipv6_address": "",
                "ipv6_dns_record": [],
                "mac_address": "d0:0d:1c:6d:1e:db",
                "nat": true,
                "nat_dns_record": [],
                "nat_ip_address": "51.250.90.32",
                "nat_ip_version": "IPV4",
                "security_group_ids": [],
                "subnet_id": "e9bo2magqolo3orfdn98"
              }
            ],
            "placement_policy": [
              {
                "host_affinity_rules": [],
                "placement_group_id": ""
              }
            ],
            "platform_id": "standard-v1",
            "resources": [
              {
                "core_fraction": 100,
                "cores": 2,
                "gpus": 0,
                "memory": 2
              }
            ],
            "scheduling_policy": [
              {
                "preemptible": false
              }
            ],
            "secondary_disk": [],
            "service_account_id": "",
            "status": "running",
            "timeouts": null,
            "zone": "ru-central1-a"
          },
          "sensitive_attributes": [],
          "private": "eyJlMmJmYjczMC1lY2FhLTExZTYtOGY4OC0zNDM2M2JjN2M0YzAiOnsiY3JlYXRlIjozMDAwMDAwMDAwMDAsImRlbGV0ZSI6MzAwMDAwMDAwMDAwLCJ1cGRhdGUiOjMwMDAwMDAwMDAwMH0sInNjaGVtYV92ZXJzaW9uIjoiMSJ9",
          "dependencies": [
            "yandex_vpc_network.network-1",
            "yandex_vpc_subnet.subnet-1"
          ]
        }
      ]
    },
    {
      "mode": "managed",
      "type": "yandex_vpc_network",
      "name": "network-1",
      "provider": "provider[\"registry.terraform.io/yandex-cloud/yandex\"]",
      "instances": [
        {
          "schema_version": 0,
          "attributes": {
            "created_at": "2022-06-12T19:29:41Z",
            "default_security_group_id": "",
            "description": "",
            "folder_id": "b1gka9ujmekvu6n724ej",
            "id": "enpqo6lqahkmjis3nmii",
            "labels": {},
            "name": "network1",
            "subnet_ids": [],
            "timeouts": null
          },
          "sensitive_attributes": [],
          "private": "eyJlMmJmYjczMC1lY2FhLTExZTYtOGY4OC0zNDM2M2JjN2M0YzAiOnsiY3JlYXRlIjo2MDAwMDAwMDAwMCwiZGVsZXRlIjo2MDAwMDAwMDAwMCwidXBkYXRlIjo2MDAwMDAwMDAwMH19"
        }
      ]
    },
    {
      "mode": "managed",
      "type": "yandex_vpc_subnet",
      "name": "subnet-1",
      "provider": "provider[\"registry.terraform.io/yandex-cloud/yandex\"]",
      "instances": [
        {
          "schema_version": 0,
          "attributes": {
            "created_at": "2022-06-12T19:29:42Z",
            "description": "",
            "dhcp_options": [],
            "folder_id": "b1gka9ujmekvu6n724ej",
            "id": "e9bo2magqolo3orfdn98",
            "labels": {},
            "name": "subnet1",
            "network_id": "enpqo6lqahkmjis3nmii",
            "route_table_id": "",
            "timeouts": null,
            "v4_cidr_blocks": [
              "192.168.10.0/24"
            ],
            "v6_cidr_blocks": [],
            "zone": "ru-central1-a"
          },
          "sensitive_attributes": [],
          "private": "eyJlMmJmYjczMC1lY2FhLTExZTYtOGY4OC0zNDM2M2JjN2M0YzAiOnsiY3JlYXRlIjoxODAwMDAwMDAwMDAsImRlbGV0ZSI6MTgwMDAwMDAwMDAwLCJ1cGRhdGUiOjE4MDAwMDAwMDAwMH19",
          "dependencies": [
            "yandex_vpc_network.network-1"
          ]
        }
      ]
    }
  ]
}
