{
  "version": 4,
  "terraform_version": "1.2.2",
  "serial": 15,
  "lineage": "6803add0-e2c7-a0f8-6afa-f6aeacc8a8ad",
  "outputs": {},
  "resources": [
    {
      "mode": "managed",
      "type": "github_repository",
      "name": "git_devops_test_repo",
      "provider": "provider[\"registry.terraform.io/integrations/github\"]",
      "instances": [
        {
          "schema_version": 0,
          "attributes": {
            "allow_auto_merge": false,
            "allow_merge_commit": true,
            "allow_rebase_merge": true,
            "allow_squash_merge": true,
            "archive_on_destroy": null,
            "archived": false,
            "auto_init": null,
            "branches": [],
            "default_branch": "main",
            "delete_branch_on_merge": false,
            "description": "Solutions for devops labs",
            "etag": "W/\"bbd4cc5aff5f79869fc3aaec3090604a6ba517b21e8b24adc82904202ffa5494\"",
            "full_name": "AlxGration/DevOpsTerraform",
            "git_clone_url": "git://github.com/AlxGration/DevOpsTerraform.git",
            "gitignore_template": null,
            "has_downloads": false,
            "has_issues": false,
            "has_projects": false,
            "has_wiki": false,
            "homepage_url": "",
            "html_url": "https://github.com/AlxGration/DevOpsTerraform",
            "http_clone_url": "https://github.com/AlxGration/DevOpsTerraform.git",
            "id": "DevOpsTerraform",
            "ignore_vulnerability_alerts_during_read": null,
            "is_template": false,
            "license_template": null,
            "name": "DevOpsTerraform",
            "node_id": "R_kgDOHdPGkA",
            "pages": [],
            "private": false,
            "repo_id": 500418192,
            "ssh_clone_url": "git@github.com:AlxGration/DevOpsTerraform.git",
            "svn_url": "https://github.com/AlxGration/DevOpsTerraform",
            "template": [],
            "topics": null,
            "visibility": "public",
            "vulnerability_alerts": false
          },
          "sensitive_attributes": [],
          "private": "bnVsbA=="
        }
      ]
    },
    {
      "mode": "managed",
      "type": "github_repository",
      "name": "terraform",
      "provider": "provider[\"registry.terraform.io/integrations/github\"]",
      "instances": [
        {
          "schema_version": 0,
          "attributes": {
            "allow_auto_merge": false,
            "allow_merge_commit": true,
            "allow_rebase_merge": true,
            "allow_squash_merge": true,
            "archive_on_destroy": null,
            "archived": false,
            "auto_init": false,
            "branches": [
              {
                "name": "lab1",
                "protected": false
              },
              {
                "name": "lab2",
                "protected": false
              },
              {
                "name": "lab4",
                "protected": false
              },
              {
                "name": "master",
                "protected": false
              }
            ],
            "default_branch": "master",
            "delete_branch_on_merge": false,
            "description": "Labs repository for DevOps course",
            "etag": "W/\"03c84e18fab973a293182d66fd34b11346e78a06155f02e737475455b82b54d7\"",
            "full_name": "AlxGration/devopslabs",
            "git_clone_url": "git://github.com/AlxGration/devopslabs.git",
            "gitignore_template": null,
            "has_downloads": true,
            "has_issues": false,
            "has_projects": true,
            "has_wiki": true,
            "homepage_url": "",
            "html_url": "https://github.com/AlxGration/devopslabs",
            "http_clone_url": "https://github.com/AlxGration/devopslabs.git",
            "id": "devopslabs",
            "ignore_vulnerability_alerts_during_read": null,
            "is_template": false,
            "license_template": null,
            "name": "devopslabs",
            "node_id": "R_kgDOHY2aaQ",
            "pages": [],
            "private": false,
            "repo_id": 495819369,
            "ssh_clone_url": "git@github.com:AlxGration/devopslabs.git",
            "svn_url": "https://github.com/AlxGration/devopslabs",
            "template": [],
            "topics": [
              "devops",
              "python3"
            ],
            "visibility": "public",
            "vulnerability_alerts": false
          },
          "sensitive_attributes": [],
          "private": "eyJzY2hlbWFfdmVyc2lvbiI6IjAifQ=="
        }
      ]
    }
  ]
}
